// !$*UTF8*$!
{
	archiveVersion = 1;
	classes = {
	};
	objectVersion = 56;
	objects = {

/* Begin PBXBuildFile section */
		DF7ED3672C12591000F58555 /* AppDelegate.swift in Sources */ = {isa = PBXBuildFile; fileRef = DF7ED3662C12591000F58555 /* AppDelegate.swift */; };
		DF7ED3692C12591000F58555 /* SceneDelegate.swift in Sources */ = {isa = PBXBuildFile; fileRef = DF7ED3682C12591000F58555 /* SceneDelegate.swift */; };
		DF7ED36B2C12591000F58555 /* ViewController.swift in Sources */ = {isa = PBXBuildFile; fileRef = DF7ED36A2C12591000F58555 /* ViewController.swift */; };
		DF7ED36E2C12591000F58555 /* Main.storyboard in Resources */ = {isa = PBXBuildFile; fileRef = DF7ED36C2C12591000F58555 /* Main.storyboard */; };
		DF7ED3702C12591100F58555 /* Assets.xcassets in Resources */ = {isa = PBXBuildFile; fileRef = DF7ED36F2C12591100F58555 /* Assets.xcassets */; };
		DF7ED3732C12591100F58555 /* LaunchScreen.storyboard in Resources */ = {isa = PBXBuildFile; fileRef = DF7ED3712C12591100F58555 /* LaunchScreen.storyboard */; };
		DF7ED37E2C12591100F58555 /* SmartTasksTests.swift in Sources */ = {isa = PBXBuildFile; fileRef = DF7ED37D2C12591100F58555 /* SmartTasksTests.swift */; };
		DF7ED3882C12591100F58555 /* SmartTasksUITests.swift in Sources */ = {isa = PBXBuildFile; fileRef = DF7ED3872C12591100F58555 /* SmartTasksUITests.swift */; };
		DF7ED38A2C12591100F58555 /* SmartTasksUITestsLaunchTests.swift in Sources */ = {isa = PBXBuildFile; fileRef = DF7ED3892C12591100F58555 /* SmartTasksUITestsLaunchTests.swift */; };
/* End PBXBuildFile section */

/* Begin PBXContainerItemProxy section */
		DF7ED37A2C12591100F58555 /* PBXContainerItemProxy */ = {
			isa = PBXContainerItemProxy;
			containerPortal = DF7ED35B2C12590F00F58555 /* Project object */;
			proxyType = 1;
			remoteGlobalIDString = DF7ED3622C12591000F58555;
			remoteInfo = SmartTasks;
		};
		DF7ED3842C12591100F58555 /* PBXContainerItemProxy */ = {
			isa = PBXContainerItemProxy;
			containerPortal = DF7ED35B2C12590F00F58555 /* Project object */;
			proxyType = 1;
			remoteGlobalIDString = DF7ED3622C12591000F58555;
			remoteInfo = SmartTasks;
		};
/* End PBXContainerItemProxy section */

/* Begin PBXFileReference section */
		DF7ED3632C12591000F58555 /* SmartTasks.app */ = {isa = PBXFileReference; explicitFileType = wrapper.application; includeInIndex = 0; path = SmartTasks.app; sourceTree = BUILT_PRODUCTS_DIR; };
		DF7ED3662C12591000F58555 /* AppDelegate.swift */ = {isa = PBXFileReference; lastKnownFileType = sourcecode.swift; path = AppDelegate.swift; sourceTree = "<group>"; };
		DF7ED3682C12591000F58555 /* SceneDelegate.swift */ = {isa = PBXFileReference; lastKnownFileType = sourcecode.swift; path = SceneDelegate.swift; sourceTree = "<group>"; };
		DF7ED36A2C12591000F58555 /* ViewController.swift */ = {isa = PBXFileReference; lastKnownFileType = sourcecode.swift; path = ViewController.swift; sourceTree = "<group>"; };
		DF7ED36D2C12591000F58555 /* Base */ = {isa = PBXFileReference; lastKnownFileType = file.storyboard; name = Base; path = Base.lproj/Main.storyboard; sourceTree = "<group>"; };
		DF7ED36F2C12591100F58555 /* Assets.xcassets */ = {isa = PBXFileReference; lastKnownFileType = folder.assetcatalog; path = Assets.xcassets; sourceTree = "<group>"; };
		DF7ED3722C12591100F58555 /* Base */ = {isa = PBXFileReference; lastKnownFileType = file.storyboard; name = Base; path = Base.lproj/LaunchScreen.storyboard; sourceTree = "<group>"; };
		DF7ED3742C12591100F58555 /* Info.plist */ = {isa = PBXFileReference; lastKnownFileType = text.plist.xml; path = Info.plist; sourceTree = "<group>"; };
		DF7ED3792C12591100F58555 /* SmartTasksTests.xctest */ = {isa = PBXFileReference; explicitFileType = wrapper.cfbundle; includeInIndex = 0; path = SmartTasksTests.xctest; sourceTree = BUILT_PRODUCTS_DIR; };
		DF7ED37D2C12591100F58555 /* SmartTasksTests.swift */ = {isa = PBXFileReference; lastKnownFileType = sourcecode.swift; path = SmartTasksTests.swift; sourceTree = "<group>"; };
		DF7ED3832C12591100F58555 /* SmartTasksUITests.xctest */ = {isa = PBXFileReference; explicitFileType = wrapper.cfbundle; includeInIndex = 0; path = SmartTasksUITests.xctest; sourceTree = BUILT_PRODUCTS_DIR; };
		DF7ED3872C12591100F58555 /* SmartTasksUITests.swift */ = {isa = PBXFileReference; lastKnownFileType = sourcecode.swift; path = SmartTasksUITests.swift; sourceTree = "<group>"; };
		DF7ED3892C12591100F58555 /* SmartTasksUITestsLaunchTests.swift */ = {isa = PBXFileReference; lastKnownFileType = sourcecode.swift; path = SmartTasksUITestsLaunchTests.swift; sourceTree = "<group>"; };
/* End PBXFileReference section */

/* Begin PBXFrameworksBuildPhase section */
		DF7ED3602C12591000F58555 /* Frameworks */ = {
			isa = PBXFrameworksBuildPhase;
			buildActionMask = 2147483647;
			files = (
			);
			runOnlyForDeploymentPostprocessing = 0;
		};
		DF7ED3762C12591100F58555 /* Frameworks */ = {
			isa = PBXFrameworksBuildPhase;
			buildActionMask = 2147483647;
			files = (
			);
			runOnlyForDeploymentPostprocessing = 0;
		};
		DF7ED3802C12591100F58555 /* Frameworks */ = {
			isa = PBXFrameworksBuildPhase;
			buildActionMask = 2147483647;
			files = (
			);
			runOnlyForDeploymentPostprocessing = 0;
		};
/* End PBXFrameworksBuildPhase section */

/* Begin PBXGroup section */
		DF7ED35A2C12590F00F58555 = {
			isa = PBXGroup;
			children = (
				DF7ED3652C12591000F58555 /* SmartTasks */,
				DF7ED37C2C12591100F58555 /* SmartTasksTests */,
				DF7ED3862C12591100F58555 /* SmartTasksUITests */,
				DF7ED3642C12591000F58555 /* Products */,
			);
			sourceTree = "<group>";
		};
		DF7ED3642C12591000F58555 /* Products */ = {
			isa = PBXGroup;
			children = (
				DF7ED3632C12591000F58555 /* SmartTasks.app */,
				DF7ED3792C12591100F58555 /* SmartTasksTests.xctest */,
				DF7ED3832C12591100F58555 /* SmartTasksUITests.xctest */,
			);
			name = Products;
			sourceTree = "<group>";
		};
		DF7ED3652C12591000F58555 /* SmartTasks */ = {
			isa = PBXGroup;
			children = (
				DF7ED3662C12591000F58555 /* AppDelegate.swift */,
				DF7ED3682C12591000F58555 /* SceneDelegate.swift */,
				DF7ED36A2C12591000F58555 /* ViewController.swift */,
				DF7ED36C2C12591000F58555 /* Main.storyboard */,
				DF7ED36F2C12591100F58555 /* Assets.xcassets */,
				DF7ED3712C12591100F58555 /* LaunchScreen.storyboard */,
				DF7ED3742C12591100F58555 /* Info.plist */,
			);
			path = SmartTasks;
			sourceTree = "<group>";
		};
		DF7ED37C2C12591100F58555 /* SmartTasksTests */ = {
			isa = PBXGroup;
			children = (
				DF7ED37D2C12591100F58555 /* SmartTasksTests.swift */,
			);
			path = SmartTasksTests;
			sourceTree = "<group>";
		};
		DF7ED3862C12591100F58555 /* SmartTasksUITests */ = {
			isa = PBXGroup;
			children = (
				DF7ED3872C12591100F58555 /* SmartTasksUITests.swift */,
				DF7ED3892C12591100F58555 /* SmartTasksUITestsLaunchTests.swift */,
			);
			path = SmartTasksUITests;
			sourceTree = "<group>";
		};
/* End PBXGroup section */

/* Begin PBXNativeTarget section */
		DF7ED3622C12591000F58555 /* SmartTasks */ = {
			isa = PBXNativeTarget;
			buildConfigurationList = DF7ED38D2C12591100F58555 /* Build configuration list for PBXNativeTarget "SmartTasks" */;
			buildPhases = (
				DF7ED35F2C12591000F58555 /* Sources */,
				DF7ED3602C12591000F58555 /* Frameworks */,
				DF7ED3612C12591000F58555 /* Resources */,
			);
			buildRules = (
			);
			dependencies = (
			);
			name = SmartTasks;
			productName = SmartTasks;
			productReference = DF7ED3632C12591000F58555 /* SmartTasks.app */;
			productType = "com.apple.product-type.application";
		};
		DF7ED3782C12591100F58555 /* SmartTasksTests */ = {
			isa = PBXNativeTarget;
			buildConfigurationList = DF7ED3902C12591100F58555 /* Build configuration list for PBXNativeTarget "SmartTasksTests" */;
			buildPhases = (
				DF7ED3752C12591100F58555 /* Sources */,
				DF7ED3762C12591100F58555 /* Frameworks */,
				DF7ED3772C12591100F58555 /* Resources */,
			);
			buildRules = (
			);
			dependencies = (
				DF7ED37B2C12591100F58555 /* PBXTargetDependency */,
			);
			name = SmartTasksTests;
			productName = SmartTasksTests;
			productReference = DF7ED3792C12591100F58555 /* SmartTasksTests.xctest */;
			productType = "com.apple.product-type.bundle.unit-test";
		};
		DF7ED3822C12591100F58555 /* SmartTasksUITests */ = {
			isa = PBXNativeTarget;
			buildConfigurationList = DF7ED3932C12591100F58555 /* Build configuration list for PBXNativeTarget "SmartTasksUITests" */;
			buildPhases = (
				DF7ED37F2C12591100F58555 /* Sources */,
				DF7ED3802C12591100F58555 /* Frameworks */,
				DF7ED3812C12591100F58555 /* Resources */,
			);
			buildRules = (
			);
			dependencies = (
				DF7ED3852C12591100F58555 /* PBXTargetDependency */,
			);
			name = SmartTasksUITests;
			productName = SmartTasksUITests;
			productReference = DF7ED3832C12591100F58555 /* SmartTasksUITests.xctest */;
			productType = "com.apple.product-type.bundle.ui-testing";
		};
/* End PBXNativeTarget section */

/* Begin PBXProject section */
		DF7ED35B2C12590F00F58555 /* Project object */ = {
			isa = PBXProject;
			attributes = {
				BuildIndependentTargetsInParallel = 1;
				LastSwiftUpdateCheck = 1510;
				LastUpgradeCheck = 1510;
				TargetAttributes = {
					DF7ED3622C12591000F58555 = {
						CreatedOnToolsVersion = 15.1;
					};
					DF7ED3782C12591100F58555 = {
						CreatedOnToolsVersion = 15.1;
						TestTargetID = DF7ED3622C12591000F58555;
					};
					DF7ED3822C12591100F58555 = {
						CreatedOnToolsVersion = 15.1;
						TestTargetID = DF7ED3622C12591000F58555;
					};
				};
			};
			buildConfigurationList = DF7ED35E2C12590F00F58555 /* Build configuration list for PBXProject "SmartTasks" */;
			compatibilityVersion = "Xcode 14.0";
			developmentRegion = en;
			hasScannedForEncodings = 0;
			knownRegions = (
				en,
				Base,
			);
			mainGroup = DF7ED35A2C12590F00F58555;
			productRefGroup = DF7ED3642C12591000F58555 /* Products */;
			projectDirPath = "";
			projectRoot = "";
			targets = (
				DF7ED3622C12591000F58555 /* SmartTasks */,
				DF7ED3782C12591100F58555 /* SmartTasksTests */,
				DF7ED3822C12591100F58555 /* SmartTasksUITests */,
			);
		};
/* End PBXProject section */

/* Begin PBXResourcesBuildPhase section */
		DF7ED3612C12591000F58555 /* Resources */ = {
			isa = PBXResourcesBuildPhase;
			buildActionMask = 2147483647;
			files = (
				DF7ED3732C12591100F58555 /* LaunchScreen.storyboard in Resources */,
				DF7ED3702C12591100F58555 /* Assets.xcassets in Resources */,
				DF7ED36E2C12591000F58555 /* Main.storyboard in Resources */,
			);
			runOnlyForDeploymentPostprocessing = 0;
		};
		DF7ED3772C12591100F58555 /* Resources */ = {
			isa = PBXResourcesBuildPhase;
			buildActionMask = 2147483647;
			files = (
			);
			runOnlyForDeploymentPostprocessing = 0;
		};
		DF7ED3812C12591100F58555 /* Resources */ = {
			isa = PBXResourcesBuildPhase;
			buildActionMask = 2147483647;
			files = (
			);
			runOnlyForDeploymentPostprocessing = 0;
		};
/* End PBXResourcesBuildPhase section */

/* Begin PBXSourcesBuildPhase section */
		DF7ED35F2C12591000F58555 /* Sources */ = {
			isa = PBXSourcesBuildPhase;
			buildActionMask = 2147483647;
			files = (
				DF7ED36B2C12591000F58555 /* ViewController.swift in Sources */,
				DF7ED3672C12591000F58555 /* AppDelegate.swift in Sources */,
				DF7ED3692C12591000F58555 /* SceneDelegate.swift in Sources */,
			);
			runOnlyForDeploymentPostprocessing = 0;
		};
		DF7ED3752C12591100F58555 /* Sources */ = {
			isa = PBXSourcesBuildPhase;
			buildActionMask = 2147483647;
			files = (
				DF7ED37E2C12591100F58555 /* SmartTasksTests.swift in Sources */,
			);
			runOnlyForDeploymentPostprocessing = 0;
		};
		DF7ED37F2C12591100F58555 /* Sources */ = {
			isa = PBXSourcesBuildPhase;
			buildActionMask = 2147483647;
			files = (
				DF7ED3882C12591100F58555 /* SmartTasksUITests.swift in Sources */,
				DF7ED38A2C12591100F58555 /* SmartTasksUITestsLaunchTests.swift in Sources */,
			);
			runOnlyForDeploymentPostprocessing = 0;
		};
/* End PBXSourcesBuildPhase section */

/* Begin PBXTargetDependency section */
		DF7ED37B2C12591100F58555 /* PBXTargetDependency */ = {
			isa = PBXTargetDependency;
			target = DF7ED3622C12591000F58555 /* SmartTasks */;
			targetProxy = DF7ED37A2C12591100F58555 /* PBXContainerItemProxy */;
		};
		DF7ED3852C12591100F58555 /* PBXTargetDependency */ = {
			isa = PBXTargetDependency;
			target = DF7ED3622C12591000F58555 /* SmartTasks */;
			targetProxy = DF7ED3842C12591100F58555 /* PBXContainerItemProxy */;
		};
/* End PBXTargetDependency section */

/* Begin PBXVariantGroup section */
		DF7ED36C2C12591000F58555 /* Main.storyboard */ = {
			isa = PBXVariantGroup;
			children = (
				DF7ED36D2C12591000F58555 /* Base */,
			);
			name = Main.storyboard;
			sourceTree = "<group>";
		};
		DF7ED3712C12591100F58555 /* LaunchScreen.storyboard */ = {
			isa = PBXVariantGroup;
			children = (
				DF7ED3722C12591100F58555 /* Base */,
			);
			name = LaunchScreen.storyboard;
			sourceTree = "<group>";
		};
/* End PBXVariantGroup section */

/* Begin XCBuildConfiguration section */
		DF7ED38B2C12591100F58555 /* Debug */ = {
			isa = XCBuildConfiguration;
			buildSettings = {
				ALWAYS_SEARCH_USER_PATHS = NO;
				ASSETCATALOG_COMPILER_GENERATE_SWIFT_ASSET_SYMBOL_EXTENSIONS = YES;
				CLANG_ANALYZER_NONNULL = YES;
				CLANG_ANALYZER_NUMBER_OBJECT_CONVERSION = YES_AGGRESSIVE;
				CLANG_CXX_LANGUAGE_STANDARD = "gnu++20";
				CLANG_ENABLE_MODULES = YES;
				CLANG_ENABLE_OBJC_ARC = YES;
				CLANG_ENABLE_OBJC_WEAK = YES;
				CLANG_WARN_BLOCK_CAPTURE_AUTORELEASING = YES;
				CLANG_WARN_BOOL_CONVERSION = YES;
				CLANG_WARN_COMMA = YES;
				CLANG_WARN_CONSTANT_CONVERSION = YES;
				CLANG_WARN_DEPRECATED_OBJC_IMPLEMENTATIONS = YES;
				CLANG_WARN_DIRECT_OBJC_ISA_USAGE = YES_ERROR;
				CLANG_WARN_DOCUMENTATION_COMMENTS = YES;
				CLANG_WARN_EMPTY_BODY = YES;
				CLANG_WARN_ENUM_CONVERSION = YES;
				CLANG_WARN_INFINITE_RECURSION = YES;
				CLANG_WARN_INT_CONVERSION = YES;
				CLANG_WARN_NON_LITERAL_NULL_CONVERSION = YES;
				CLANG_WARN_OBJC_IMPLICIT_RETAIN_SELF = YES;
				CLANG_WARN_OBJC_LITERAL_CONVERSION = YES;
				CLANG_WARN_OBJC_ROOT_CLASS = YES_ERROR;
				CLANG_WARN_QUOTED_INCLUDE_IN_FRAMEWORK_HEADER = YES;
				CLANG_WARN_RANGE_LOOP_ANALYSIS = YES;
				CLANG_WARN_STRICT_PROTOTYPES = YES;
				CLANG_WARN_SUSPICIOUS_MOVE = YES;
				CLANG_WARN_UNGUARDED_AVAILABILITY = YES_AGGRESSIVE;
				CLANG_WARN_UNREACHABLE_CODE = YES;
				CLANG_WARN__DUPLICATE_METHOD_MATCH = YES;
				COPY_PHASE_STRIP = NO;
				DEBUG_INFORMATION_FORMAT = dwarf;
				ENABLE_STRICT_OBJC_MSGSEND = YES;
				ENABLE_TESTABILITY = YES;
				ENABLE_USER_SCRIPT_SANDBOXING = YES;
				GCC_C_LANGUAGE_STANDARD = gnu17;
				GCC_DYNAMIC_NO_PIC = NO;
				GCC_NO_COMMON_BLOCKS = YES;
				GCC_OPTIMIZATION_LEVEL = 0;
				GCC_PREPROCESSOR_DEFINITIONS = (
					"DEBUG=1",
					"$(inherited)",
				);
				GCC_WARN_64_TO_32_BIT_CONVERSION = YES;
				GCC_WARN_ABOUT_RETURN_TYPE = YES_ERROR;
				GCC_WARN_UNDECLARED_SELECTOR = YES;
				GCC_WARN_UNINITIALIZED_AUTOS = YES_AGGRESSIVE;
				GCC_WARN_UNUSED_FUNCTION = YES;
				GCC_WARN_UNUSED_VARIABLE = YES;
				IPHONEOS_DEPLOYMENT_TARGET = 17.2;
				LOCALIZATION_PREFERS_STRING_CATALOGS = YES;
				MTL_ENABLE_DEBUG_INFO = INCLUDE_SOURCE;
				MTL_FAST_MATH = YES;
				ONLY_ACTIVE_ARCH = YES;
				SDKROOT = iphoneos;
				SWIFT_ACTIVE_COMPILATION_CONDITIONS = "DEBUG $(inherited)";
				SWIFT_OPTIMIZATION_LEVEL = "-Onone";
			};
			name = Debug;
		};
		DF7ED38C2C12591100F58555 /* Release */ = {
			isa = XCBuildConfiguration;
			buildSettings = {
				ALWAYS_SEARCH_USER_PATHS = NO;
				ASSETCATALOG_COMPILER_GENERATE_SWIFT_ASSET_SYMBOL_EXTENSIONS = YES;
				CLANG_ANALYZER_NONNULL = YES;
				CLANG_ANALYZER_NUMBER_OBJECT_CONVERSION = YES_AGGRESSIVE;
				CLANG_CXX_LANGUAGE_STANDARD = "gnu++20";
				CLANG_ENABLE_MODULES = YES;
				CLANG_ENABLE_OBJC_ARC = YES;
				CLANG_ENABLE_OBJC_WEAK = YES;
				CLANG_WARN_BLOCK_CAPTURE_AUTORELEASING = YES;
				CLANG_WARN_BOOL_CONVERSION = YES;
				CLANG_WARN_COMMA = YES;
				CLANG_WARN_CONSTANT_CONVERSION = YES;
				CLANG_WARN_DEPRECATED_OBJC_IMPLEMENTATIONS = YES;
				CLANG_WARN_DIRECT_OBJC_ISA_USAGE = YES_ERROR;
				CLANG_WARN_DOCUMENTATION_COMMENTS = YES;
				CLANG_WARN_EMPTY_BODY = YES;
				CLANG_WARN_ENUM_CONVERSION = YES;
				CLANG_WARN_INFINITE_RECURSION = YES;
				CLANG_WARN_INT_CONVERSION = YES;
				CLANG_WARN_NON_LITERAL_NULL_CONVERSION = YES;
				CLANG_WARN_OBJC_IMPLICIT_RETAIN_SELF = YES;
				CLANG_WARN_OBJC_LITERAL_CONVERSION = YES;
				CLANG_WARN_OBJC_ROOT_CLASS = YES_ERROR;
				CLANG_WARN_QUOTED_INCLUDE_IN_FRAMEWORK_HEADER = YES;
				CLANG_WARN_RANGE_LOOP_ANALYSIS = YES;
				CLANG_WARN_STRICT_PROTOTYPES = YES;
				CLANG_WARN_SUSPICIOUS_MOVE = YES;
				CLANG_WARN_UNGUARDED_AVAILABILITY = YES_AGGRESSIVE;
				CLANG_WARN_UNREACHABLE_CODE = YES;
				CLANG_WARN__DUPLICATE_METHOD_MATCH = YES;
				COPY_PHASE_STRIP = NO;
				DEBUG_INFORMATION_FORMAT = "dwarf-with-dsym";
				ENABLE_NS_ASSERTIONS = NO;
				ENABLE_STRICT_OBJC_MSGSEND = YES;
				ENABLE_USER_SCRIPT_SANDBOXING = YES;
				GCC_C_LANGUAGE_STANDARD = gnu17;
				GCC_NO_COMMON_BLOCKS = YES;
				GCC_WARN_64_TO_32_BIT_CONVERSION = YES;
				GCC_WARN_ABOUT_RETURN_TYPE = YES_ERROR;
				GCC_WARN_UNDECLARED_SELECTOR = YES;
				GCC_WARN_UNINITIALIZED_AUTOS = YES_AGGRESSIVE;
				GCC_WARN_UNUSED_FUNCTION = YES;
				GCC_WARN_UNUSED_VARIABLE = YES;
				IPHONEOS_DEPLOYMENT_TARGET = 17.2;
				LOCALIZATION_PREFERS_STRING_CATALOGS = YES;
				MTL_ENABLE_DEBUG_INFO = NO;
				MTL_FAST_MATH = YES;
				SDKROOT = iphoneos;
				SWIFT_COMPILATION_MODE = wholemodule;
				VALIDATE_PRODUCT = YES;
			};
			name = Release;
		};
		DF7ED38E2C12591100F58555 /* Debug */ = {
			isa = XCBuildConfiguration;
			buildSettings = {
				ASSETCATALOG_COMPILER_APPICON_NAME = AppIcon;
				ASSETCATALOG_COMPILER_GLOBAL_ACCENT_COLOR_NAME = AccentColor;
				CODE_SIGN_STYLE = Automatic;
				CURRENT_PROJECT_VERSION = 1;
				GENERATE_INFOPLIST_FILE = YES;
				INFOPLIST_FILE = SmartTasks/Info.plist;
				INFOPLIST_KEY_UIApplicationSupportsIndirectInputEvents = YES;
				INFOPLIST_KEY_UILaunchStoryboardName = LaunchScreen;
				INFOPLIST_KEY_UIMainStoryboardFile = Main;
				INFOPLIST_KEY_UISupportedInterfaceOrientations_iPad = "UIInterfaceOrientationPortrait UIInterfaceOrientationPortraitUpsideDown UIInterfaceOrientationLandscapeLeft UIInterfaceOrientationLandscapeRight";
				INFOPLIST_KEY_UISupportedInterfaceOrientations_iPhone = "UIInterfaceOrientationPortrait UIInterfaceOrientationLandscapeLeft UIInterfaceOrientationLandscapeRight";
				LD_RUNPATH_SEARCH_PATHS = (
					"$(inherited)",
					"@executable_path/Frameworks",
				);
				MARKETING_VERSION = 1.0;
				PRODUCT_BUNDLE_IDENTIFIER = com.janbaz.SmartTasks;
				PRODUCT_NAME = "$(TARGET_NAME)";
				SWIFT_EMIT_LOC_STRINGS = YES;
				SWIFT_VERSION = 5.0;
				TARGETED_DEVICE_FAMILY = "1,2";
			};
			name = Debug;
		};
		DF7ED38F2C12591100F58555 /* Release */ = {
			isa = XCBuildConfiguration;
			buildSettings = {
				ASSETCATALOG_COMPILER_APPICON_NAME = AppIcon;
				ASSETCATALOG_COMPILER_GLOBAL_ACCENT_COLOR_NAME = AccentColor;
				CODE_SIGN_STYLE = Automatic;
				CURRENT_PROJECT_VERSION = 1;
				GENERATE_INFOPLIST_FILE = YES;
				INFOPLIST_FILE = SmartTasks/Info.plist;
				INFOPLIST_KEY_UIApplicationSupportsIndirectInputEvents = YES;
				INFOPLIST_KEY_UILaunchStoryboardName = LaunchScreen;
				INFOPLIST_KEY_UIMainStoryboardFile = Main;
				INFOPLIST_KEY_UISupportedInterfaceOrientations_iPad = "UIInterfaceOrientationPortrait UIInterfaceOrientationPortraitUpsideDown UIInterfaceOrientationLandscapeLeft UIInterfaceOrientationLandscapeRight";
				INFOPLIST_KEY_UISupportedInterfaceOrientations_iPhone = "UIInterfaceOrientationPortrait UIInterfaceOrientationLandscapeLeft UIInterfaceOrientationLandscapeRight";
				LD_RUNPATH_SEARCH_PATHS = (
					"$(inherited)",
					"@executable_path/Frameworks",
				);
				MARKETING_VERSION = 1.0;
				PRODUCT_BUNDLE_IDENTIFIER = com.janbaz.SmartTasks;
				PRODUCT_NAME = "$(TARGET_NAME)";
				SWIFT_EMIT_LOC_STRINGS = YES;
				SWIFT_VERSION = 5.0;
				TARGETED_DEVICE_FAMILY = "1,2";
			};
			name = Release;
		};
		DF7ED3912C12591100F58555 /* Debug */ = {
			isa = XCBuildConfiguration;
			buildSettings = {
				ALWAYS_EMBED_SWIFT_STANDARD_LIBRARIES = YES;
				BUNDLE_LOADER = "$(TEST_HOST)";
				CODE_SIGN_STYLE = Automatic;
				CURRENT_PROJECT_VERSION = 1;
				GENERATE_INFOPLIST_FILE = YES;
				IPHONEOS_DEPLOYMENT_TARGET = 17.2;
				MARKETING_VERSION = 1.0;
				PRODUCT_BUNDLE_IDENTIFIER = com.janbaz.SmartTasksTests;
				PRODUCT_NAME = "$(TARGET_NAME)";
				SWIFT_EMIT_LOC_STRINGS = NO;
				SWIFT_VERSION = 5.0;
				TARGETED_DEVICE_FAMILY = "1,2";
				TEST_HOST = "$(BUILT_PRODUCTS_DIR)/SmartTasks.app/$(BUNDLE_EXECUTABLE_FOLDER_PATH)/SmartTasks";
			};
			name = Debug;
		};
		DF7ED3922C12591100F58555 /* Release */ = {
			isa = XCBuildConfiguration;
			buildSettings = {
				ALWAYS_EMBED_SWIFT_STANDARD_LIBRARIES = YES;
				BUNDLE_LOADER = "$(TEST_HOST)";
				CODE_SIGN_STYLE = Automatic;
				CURRENT_PROJECT_VERSION = 1;
				GENERATE_INFOPLIST_FILE = YES;
				IPHONEOS_DEPLOYMENT_TARGET = 17.2;
				MARKETING_VERSION = 1.0;
				PRODUCT_BUNDLE_IDENTIFIER = com.janbaz.SmartTasksTests;
				PRODUCT_NAME = "$(TARGET_NAME)";
				SWIFT_EMIT_LOC_STRINGS = NO;
				SWIFT_VERSION = 5.0;
				TARGETED_DEVICE_FAMILY = "1,2";
				TEST_HOST = "$(BUILT_PRODUCTS_DIR)/SmartTasks.app/$(BUNDLE_EXECUTABLE_FOLDER_PATH)/SmartTasks";
			};
			name = Release;
		};
		DF7ED3942C12591100F58555 /* Debug */ = {
			isa = XCBuildConfiguration;
			buildSettings = {
				ALWAYS_EMBED_SWIFT_STANDARD_LIBRARIES = YES;
				CODE_SIGN_STYLE = Automatic;
				CURRENT_PROJECT_VERSION = 1;
				GENERATE_INFOPLIST_FILE = YES;
				MARKETING_VERSION = 1.0;
				PRODUCT_BUNDLE_IDENTIFIER = com.janbaz.SmartTasksUITests;
				PRODUCT_NAME = "$(TARGET_NAME)";
				SWIFT_EMIT_LOC_STRINGS = NO;
				SWIFT_VERSION = 5.0;
				TARGETED_DEVICE_FAMILY = "1,2";
				TEST_TARGET_NAME = SmartTasks;
			};
			name = Debug;
		};
		DF7ED3952C12591100F58555 /* Release */ = {
			isa = XCBuildConfiguration;
			buildSettings = {
				ALWAYS_EMBED_SWIFT_STANDARD_LIBRARIES = YES;
				CODE_SIGN_STYLE = Automatic;
				CURRENT_PROJECT_VERSION = 1;
				GENERATE_INFOPLIST_FILE = YES;
				MARKETING_VERSION = 1.0;
				PRODUCT_BUNDLE_IDENTIFIER = com.janbaz.SmartTasksUITests;
				PRODUCT_NAME = "$(TARGET_NAME)";
				SWIFT_EMIT_LOC_STRINGS = NO;
				SWIFT_VERSION = 5.0;
				TARGETED_DEVICE_FAMILY = "1,2";
				TEST_TARGET_NAME = SmartTasks;
			};
			name = Release;
		};
/* End XCBuildConfiguration section */

/* Begin XCConfigurationList section */
		DF7ED35E2C12590F00F58555 /* Build configuration list for PBXProject "SmartTasks" */ = {
			isa = XCConfigurationList;
			buildConfigurations = (
				DF7ED38B2C12591100F58555 /* Debug */,
				DF7ED38C2C12591100F58555 /* Release */,
			);
			defaultConfigurationIsVisible = 0;
			defaultConfigurationName = Release;
		};
		DF7ED38D2C12591100F58555 /* Build configuration list for PBXNativeTarget "SmartTasks" */ = {
			isa = XCConfigurationList;
			buildConfigurations = (
				DF7ED38E2C12591100F58555 /* Debug */,
				DF7ED38F2C12591100F58555 /* Release */,
			);
			defaultConfigurationIsVisible = 0;
			defaultConfigurationName = Release;
		};
		DF7ED3902C12591100F58555 /* Build configuration list for PBXNativeTarget "SmartTasksTests" */ = {
			isa = XCConfigurationList;
			buildConfigurations = (
				DF7ED3912C12591100F58555 /* Debug */,
				DF7ED3922C12591100F58555 /* Release */,
			);
			defaultConfigurationIsVisible = 0;
			defaultConfigurationName = Release;
		};
		DF7ED3932C12591100F58555 /* Build configuration list for PBXNativeTarget "SmartTasksUITests" */ = {
			isa = XCConfigurationList;
			buildConfigurations = (
				DF7ED3942C12591100F58555 /* Debug */,
				DF7ED3952C12591100F58555 /* Release */,
			);
			defaultConfigurationIsVisible = 0;
			defaultConfigurationName = Release;
		};
/* End XCConfigurationList section */
	};
	rootObject = DF7ED35B2C12590F00F58555 /* Project object */;
}
