// !$*UTF8*$!
{
	archiveVersion = 1;
	classes = {
	};
	objectVersion = 56;
	objects = {

/* Begin PBXBuildFile section */
		DF7ED3672C12591000F58555 /* AppDelegate.swift in Sources */ = {isa = PBXBuildFile; fileRef = DF7ED3662C12591000F58555 /* AppDelegate.swift */; };
		DF7ED3692C12591000F58555 /* SceneDelegate.swift in Sources */ = {isa = PBXBuildFile; fileRef = DF7ED3682C12591000F58555 /* SceneDelegate.swift */; };
		DF7ED3702C12591100F58555 /* Assets.xcassets in Resources */ = {isa = PBXBuildFile; fileRef = DF7ED36F2C12591100F58555 /* Assets.xcassets */; };
		DF7ED3732C12591100F58555 /* LaunchScreen.storyboard in Resources */ = {isa = PBXBuildFile; fileRef = DF7ED3712C12591100F58555 /* LaunchScreen.storyboard */; };
		DF7ED37E2C12591100F58555 /* SmartTasksTests.swift in Sources */ = {isa = PBXBuildFile; fileRef = DF7ED37D2C12591100F58555 /* SmartTasksTests.swift */; };
		DF7ED39A2C125C5800F58555 /* AppRouter.swift in Sources */ = {isa = PBXBuildFile; fileRef = DF7ED3992C125C5800F58555 /* AppRouter.swift */; };
		DF7ED3A12C12601A00F58555 /* AmsiPro-Regular.otf in Resources */ = {isa = PBXBuildFile; fileRef = DF7ED39F2C12601A00F58555 /* AmsiPro-Regular.otf */; };
		DF7ED3A22C12601A00F58555 /* AmsiPro-Bold.otf in Resources */ = {isa = PBXBuildFile; fileRef = DF7ED3A02C12601A00F58555 /* AmsiPro-Bold.otf */; };
		DF7ED3A62C12616700F58555 /* SmartFonts.swift in Sources */ = {isa = PBXBuildFile; fileRef = DF7ED3A52C12616700F58555 /* SmartFonts.swift */; };
		DF7ED3AA2C126D6000F58555 /* Colors.xcassets in Resources */ = {isa = PBXBuildFile; fileRef = DF7ED3A92C126D6000F58555 /* Colors.xcassets */; };
		DF7ED3B72C12739100F58555 /* TasksListViewController.swift in Sources */ = {isa = PBXBuildFile; fileRef = DF7ED3B62C12739100F58555 /* TasksListViewController.swift */; };
		DF7ED3B92C1273B300F58555 /* TasksListInteractor.swift in Sources */ = {isa = PBXBuildFile; fileRef = DF7ED3B82C1273B300F58555 /* TasksListInteractor.swift */; };
		DF7ED3BB2C1273CA00F58555 /* TasksListPresenter.swift in Sources */ = {isa = PBXBuildFile; fileRef = DF7ED3BA2C1273CA00F58555 /* TasksListPresenter.swift */; };
		DF7ED3BD2C1273DD00F58555 /* TasksListRouter.swift in Sources */ = {isa = PBXBuildFile; fileRef = DF7ED3BC2C1273DD00F58555 /* TasksListRouter.swift */; };
		DF7ED3BF2C1273F100F58555 /* TasksListBuilder.swift in Sources */ = {isa = PBXBuildFile; fileRef = DF7ED3BE2C1273F100F58555 /* TasksListBuilder.swift */; };
		DF7ED3C22C13203100F58555 /* SmartColors.swift in Sources */ = {isa = PBXBuildFile; fileRef = DF7ED3C12C13203100F58555 /* SmartColors.swift */; };
		DF7ED3C52C1335D100F58555 /* SmartUI.swift in Sources */ = {isa = PBXBuildFile; fileRef = DF7ED3C42C1335D100F58555 /* SmartUI.swift */; };
		DF7ED3C82C137DE700F58555 /* EmptyView.swift in Sources */ = {isa = PBXBuildFile; fileRef = DF7ED3C72C137DE700F58555 /* EmptyView.swift */; };
		DF7ED3CA2C138F3000F58555 /* UIStackView+Extensions.swift in Sources */ = {isa = PBXBuildFile; fileRef = DF7ED3C92C138F3000F58555 /* UIStackView+Extensions.swift */; };
		DF7ED3CE2C13919B00F58555 /* SmartImages.swift in Sources */ = {isa = PBXBuildFile; fileRef = DF7ED3CD2C13919B00F58555 /* SmartImages.swift */; };
		DF7ED3D12C1392BB00F58555 /* ImageProvideable.swift in Sources */ = {isa = PBXBuildFile; fileRef = DF7ED3D02C1392BB00F58555 /* ImageProvideable.swift */; };
/* End PBXBuildFile section */

/* Begin PBXContainerItemProxy section */
		DF7ED37A2C12591100F58555 /* PBXContainerItemProxy */ = {
			isa = PBXContainerItemProxy;
			containerPortal = DF7ED35B2C12590F00F58555 /* Project object */;
			proxyType = 1;
			remoteGlobalIDString = DF7ED3622C12591000F58555;
			remoteInfo = SmartTasks;
		};
		DF7ED3842C12591100F58555 /* PBXContainerItemProxy */ = {
			isa = PBXContainerItemProxy;
			containerPortal = DF7ED35B2C12590F00F58555 /* Project object */;
			proxyType = 1;
			remoteGlobalIDString = DF7ED3622C12591000F58555;
			remoteInfo = SmartTasks;
		};
/* End PBXContainerItemProxy section */

/* Begin PBXFileReference section */
		DF7ED3632C12591000F58555 /* SmartTasks.app */ = {isa = PBXFileReference; explicitFileType = wrapper.application; includeInIndex = 0; path = SmartTasks.app; sourceTree = BUILT_PRODUCTS_DIR; };
		DF7ED3662C12591000F58555 /* AppDelegate.swift */ = {isa = PBXFileReference; lastKnownFileType = sourcecode.swift; path = AppDelegate.swift; sourceTree = "<group>"; };
		DF7ED3682C12591000F58555 /* SceneDelegate.swift */ = {isa = PBXFileReference; lastKnownFileType = sourcecode.swift; path = SceneDelegate.swift; sourceTree = "<group>"; };
		DF7ED36F2C12591100F58555 /* Assets.xcassets */ = {isa = PBXFileReference; lastKnownFileType = folder.assetcatalog; path = Assets.xcassets; sourceTree = "<group>"; };
		DF7ED3722C12591100F58555 /* Base */ = {isa = PBXFileReference; lastKnownFileType = file.storyboard; name = Base; path = Base.lproj/LaunchScreen.storyboard; sourceTree = "<group>"; };
		DF7ED3742C12591100F58555 /* Info.plist */ = {isa = PBXFileReference; lastKnownFileType = text.plist.xml; path = Info.plist; sourceTree = "<group>"; };
		DF7ED3792C12591100F58555 /* SmartTasksTests.xctest */ = {isa = PBXFileReference; explicitFileType = wrapper.cfbundle; includeInIndex = 0; path = SmartTasksTests.xctest; sourceTree = BUILT_PRODUCTS_DIR; };
		DF7ED37D2C12591100F58555 /* SmartTasksTests.swift */ = {isa = PBXFileReference; lastKnownFileType = sourcecode.swift; path = SmartTasksTests.swift; sourceTree = "<group>"; };
		DF7ED3832C12591100F58555 /* SmartTasksUITests.xctest */ = {isa = PBXFileReference; explicitFileType = wrapper.cfbundle; includeInIndex = 0; path = SmartTasksUITests.xctest; sourceTree = BUILT_PRODUCTS_DIR; };
		DF7ED3992C125C5800F58555 /* AppRouter.swift */ = {isa = PBXFileReference; lastKnownFileType = sourcecode.swift; path = AppRouter.swift; sourceTree = "<group>"; };
		DF7ED39F2C12601A00F58555 /* AmsiPro-Regular.otf */ = {isa = PBXFileReference; lastKnownFileType = file; path = "AmsiPro-Regular.otf"; sourceTree = "<group>"; };
		DF7ED3A02C12601A00F58555 /* AmsiPro-Bold.otf */ = {isa = PBXFileReference; lastKnownFileType = file; path = "AmsiPro-Bold.otf"; sourceTree = "<group>"; };
		DF7ED3A52C12616700F58555 /* SmartFonts.swift */ = {isa = PBXFileReference; lastKnownFileType = sourcecode.swift; path = SmartFonts.swift; sourceTree = "<group>"; };
		DF7ED3A92C126D6000F58555 /* Colors.xcassets */ = {isa = PBXFileReference; lastKnownFileType = folder.assetcatalog; path = Colors.xcassets; sourceTree = "<group>"; };
		DF7ED3B62C12739100F58555 /* TasksListViewController.swift */ = {isa = PBXFileReference; lastKnownFileType = sourcecode.swift; path = TasksListViewController.swift; sourceTree = "<group>"; };
		DF7ED3B82C1273B300F58555 /* TasksListInteractor.swift */ = {isa = PBXFileReference; lastKnownFileType = sourcecode.swift; path = TasksListInteractor.swift; sourceTree = "<group>"; };
		DF7ED3BA2C1273CA00F58555 /* TasksListPresenter.swift */ = {isa = PBXFileReference; lastKnownFileType = sourcecode.swift; path = TasksListPresenter.swift; sourceTree = "<group>"; };
		DF7ED3BC2C1273DD00F58555 /* TasksListRouter.swift */ = {isa = PBXFileReference; lastKnownFileType = sourcecode.swift; path = TasksListRouter.swift; sourceTree = "<group>"; };
		DF7ED3BE2C1273F100F58555 /* TasksListBuilder.swift */ = {isa = PBXFileReference; lastKnownFileType = sourcecode.swift; path = TasksListBuilder.swift; sourceTree = "<group>"; };
		DF7ED3C12C13203100F58555 /* SmartColors.swift */ = {isa = PBXFileReference; lastKnownFileType = sourcecode.swift; path = SmartColors.swift; sourceTree = "<group>"; };
		DF7ED3C42C1335D100F58555 /* SmartUI.swift */ = {isa = PBXFileReference; lastKnownFileType = sourcecode.swift; path = SmartUI.swift; sourceTree = "<group>"; };
		DF7ED3C72C137DE700F58555 /* EmptyView.swift */ = {isa = PBXFileReference; lastKnownFileType = sourcecode.swift; path = EmptyView.swift; sourceTree = "<group>"; };
		DF7ED3C92C138F3000F58555 /* UIStackView+Extensions.swift */ = {isa = PBXFileReference; lastKnownFileType = sourcecode.swift; path = "UIStackView+Extensions.swift"; sourceTree = "<group>"; };
		DF7ED3CD2C13919B00F58555 /* SmartImages.swift */ = {isa = PBXFileReference; lastKnownFileType = sourcecode.swift; path = SmartImages.swift; sourceTree = "<group>"; };
		DF7ED3D02C1392BB00F58555 /* ImageProvideable.swift */ = {isa = PBXFileReference; lastKnownFileType = sourcecode.swift; path = ImageProvideable.swift; sourceTree = "<group>"; };
/* End PBXFileReference section */

/* Begin PBXFrameworksBuildPhase section */
		DF7ED3602C12591000F58555 /* Frameworks */ = {
			isa = PBXFrameworksBuildPhase;
			buildActionMask = 2147483647;
			files = (
			);
			runOnlyForDeploymentPostprocessing = 0;
		};
		DF7ED3762C12591100F58555 /* Frameworks */ = {
			isa = PBXFrameworksBuildPhase;
			buildActionMask = 2147483647;
			files = (
			);
			runOnlyForDeploymentPostprocessing = 0;
		};
		DF7ED3802C12591100F58555 /* Frameworks */ = {
			isa = PBXFrameworksBuildPhase;
			buildActionMask = 2147483647;
			files = (
			);
			runOnlyForDeploymentPostprocessing = 0;
		};
/* End PBXFrameworksBuildPhase section */

/* Begin PBXGroup section */
		DF7ED35A2C12590F00F58555 = {
			isa = PBXGroup;
			children = (
				DF7ED3652C12591000F58555 /* SmartTasks */,
				DF7ED37C2C12591100F58555 /* SmartTasksTests */,
				DF7ED3642C12591000F58555 /* Products */,
			);
			sourceTree = "<group>";
		};
		DF7ED3642C12591000F58555 /* Products */ = {
			isa = PBXGroup;
			children = (
				DF7ED3632C12591000F58555 /* SmartTasks.app */,
				DF7ED3792C12591100F58555 /* SmartTasksTests.xctest */,
				DF7ED3832C12591100F58555 /* SmartTasksUITests.xctest */,
			);
			name = Products;
			sourceTree = "<group>";
		};
		DF7ED3652C12591000F58555 /* SmartTasks */ = {
			isa = PBXGroup;
			children = (
				DF7ED3CB2C13917E00F58555 /* Sources */,
				DF7ED3962C125A9800F58555 /* App */,
				DF7ED3A32C12614C00F58555 /* Core */,
				DF7ED39D2C125DAB00F58555 /* Scenes */,
				DF7ED3972C125AB600F58555 /* Resources */,
				DF7ED3712C12591100F58555 /* LaunchScreen.storyboard */,
				DF7ED3742C12591100F58555 /* Info.plist */,
			);
			path = SmartTasks;
			sourceTree = "<group>";
		};
		DF7ED37C2C12591100F58555 /* SmartTasksTests */ = {
			isa = PBXGroup;
			children = (
				DF7ED37D2C12591100F58555 /* SmartTasksTests.swift */,
			);
			path = SmartTasksTests;
			sourceTree = "<group>";
		};
		DF7ED3962C125A9800F58555 /* App */ = {
			isa = PBXGroup;
			children = (
				DF7ED3982C125C3300F58555 /* AppRouter */,
				DF7ED3662C12591000F58555 /* AppDelegate.swift */,
				DF7ED3682C12591000F58555 /* SceneDelegate.swift */,
			);
			path = App;
			sourceTree = "<group>";
		};
		DF7ED3972C125AB600F58555 /* Resources */ = {
			isa = PBXGroup;
			children = (
				DF7ED39E2C125FD500F58555 /* Fonts */,
				DF7ED36F2C12591100F58555 /* Assets.xcassets */,
				DF7ED3A92C126D6000F58555 /* Colors.xcassets */,
			);
			path = Resources;
			sourceTree = "<group>";
		};
		DF7ED3982C125C3300F58555 /* AppRouter */ = {
			isa = PBXGroup;
			children = (
				DF7ED3992C125C5800F58555 /* AppRouter.swift */,
			);
			path = AppRouter;
			sourceTree = "<group>";
		};
		DF7ED39D2C125DAB00F58555 /* Scenes */ = {
			isa = PBXGroup;
			children = (
				DF7ED3A82C126B2E00F58555 /* TasksList */,
			);
			path = Scenes;
			sourceTree = "<group>";
		};
		DF7ED39E2C125FD500F58555 /* Fonts */ = {
			isa = PBXGroup;
			children = (
				DF7ED3A02C12601A00F58555 /* AmsiPro-Bold.otf */,
				DF7ED39F2C12601A00F58555 /* AmsiPro-Regular.otf */,
			);
			path = Fonts;
			sourceTree = "<group>";
		};
		DF7ED3A32C12614C00F58555 /* Core */ = {
			isa = PBXGroup;
			children = (
				DF7ED3CF2C1392A000F58555 /* Protocols */,
				DF7ED3C32C1335AE00F58555 /* SmartUI */,
				DF7ED3C02C13201200F58555 /* SmartColors */,
				DF7ED3A72C126AF500F58555 /* Extensions */,
				DF7ED3A42C12615700F58555 /* CustomFonts */,
			);
			path = Core;
			sourceTree = "<group>";
		};
		DF7ED3A42C12615700F58555 /* CustomFonts */ = {
			isa = PBXGroup;
			children = (
				DF7ED3A52C12616700F58555 /* SmartFonts.swift */,
			);
			path = CustomFonts;
			sourceTree = "<group>";
		};
		DF7ED3A72C126AF500F58555 /* Extensions */ = {
			isa = PBXGroup;
			children = (
				DF7ED3C92C138F3000F58555 /* UIStackView+Extensions.swift */,
			);
			path = Extensions;
			sourceTree = "<group>";
		};
		DF7ED3A82C126B2E00F58555 /* TasksList */ = {
			isa = PBXGroup;
			children = (
				DF7ED3B52C12733C00F58555 /* Router */,
				DF7ED3B42C12733400F58555 /* Presenter */,
				DF7ED3B32C12732200F58555 /* Interactor */,
				DF7ED3B22C12731900F58555 /* View */,
				DF7ED3B02C12730100F58555 /* Builder */,
			);
			path = TasksList;
			sourceTree = "<group>";
		};
		DF7ED3B02C12730100F58555 /* Builder */ = {
			isa = PBXGroup;
			children = (
				DF7ED3BE2C1273F100F58555 /* TasksListBuilder.swift */,
			);
			path = Builder;
			sourceTree = "<group>";
		};
		DF7ED3B22C12731900F58555 /* View */ = {
			isa = PBXGroup;
			children = (
				DF7ED3C62C137D7A00F58555 /* EmptyView */,
				DF7ED3B62C12739100F58555 /* TasksListViewController.swift */,
			);
			path = View;
			sourceTree = "<group>";
		};
		DF7ED3B32C12732200F58555 /* Interactor */ = {
			isa = PBXGroup;
			children = (
				DF7ED3B82C1273B300F58555 /* TasksListInteractor.swift */,
			);
			path = Interactor;
			sourceTree = "<group>";
		};
		DF7ED3B42C12733400F58555 /* Presenter */ = {
			isa = PBXGroup;
			children = (
				DF7ED3BA2C1273CA00F58555 /* TasksListPresenter.swift */,
			);
			path = Presenter;
			sourceTree = "<group>";
		};
		DF7ED3B52C12733C00F58555 /* Router */ = {
			isa = PBXGroup;
			children = (
				DF7ED3BC2C1273DD00F58555 /* TasksListRouter.swift */,
			);
			path = Router;
			sourceTree = "<group>";
		};
		DF7ED3C02C13201200F58555 /* SmartColors */ = {
			isa = PBXGroup;
			children = (
				DF7ED3C12C13203100F58555 /* SmartColors.swift */,
			);
			path = SmartColors;
			sourceTree = "<group>";
		};
		DF7ED3C32C1335AE00F58555 /* SmartUI */ = {
			isa = PBXGroup;
			children = (
				DF7ED3C42C1335D100F58555 /* SmartUI.swift */,
			);
			path = SmartUI;
			sourceTree = "<group>";
		};
		DF7ED3C62C137D7A00F58555 /* EmptyView */ = {
			isa = PBXGroup;
			children = (
				DF7ED3C72C137DE700F58555 /* EmptyView.swift */,
			);
			path = EmptyView;
			sourceTree = "<group>";
		};
		DF7ED3CB2C13917E00F58555 /* Sources */ = {
			isa = PBXGroup;
			children = (
				DF7ED3CC2C13918800F58555 /* Images */,
			);
			path = Sources;
			sourceTree = "<group>";
		};
		DF7ED3CC2C13918800F58555 /* Images */ = {
			isa = PBXGroup;
			children = (
				DF7ED3CD2C13919B00F58555 /* SmartImages.swift */,
			);
			path = Images;
			sourceTree = "<group>";
		};
		DF7ED3CF2C1392A000F58555 /* Protocols */ = {
			isa = PBXGroup;
			children = (
				DF7ED3D02C1392BB00F58555 /* ImageProvideable.swift */,
			);
			path = Protocols;
			sourceTree = "<group>";
		};
/* End PBXGroup section */

/* Begin PBXNativeTarget section */
		DF7ED3622C12591000F58555 /* SmartTasks */ = {
			isa = PBXNativeTarget;
			buildConfigurationList = DF7ED38D2C12591100F58555 /* Build configuration list for PBXNativeTarget "SmartTasks" */;
			buildPhases = (
				DF7ED35F2C12591000F58555 /* Sources */,
				DF7ED3602C12591000F58555 /* Frameworks */,
				DF7ED3612C12591000F58555 /* Resources */,
			);
			buildRules = (
			);
			dependencies = (
			);
			name = SmartTasks;
			productName = SmartTasks;
			productReference = DF7ED3632C12591000F58555 /* SmartTasks.app */;
			productType = "com.apple.product-type.application";
		};
		DF7ED3782C12591100F58555 /* SmartTasksTests */ = {
			isa = PBXNativeTarget;
			buildConfigurationList = DF7ED3902C12591100F58555 /* Build configuration list for PBXNativeTarget "SmartTasksTests" */;
			buildPhases = (
				DF7ED3752C12591100F58555 /* Sources */,
				DF7ED3762C12591100F58555 /* Frameworks */,
				DF7ED3772C12591100F58555 /* Resources */,
			);
			buildRules = (
			);
			dependencies = (
				DF7ED37B2C12591100F58555 /* PBXTargetDependency */,
			);
			name = SmartTasksTests;
			productName = SmartTasksTests;
			productReference = DF7ED3792C12591100F58555 /* SmartTasksTests.xctest */;
			productType = "com.apple.product-type.bundle.unit-test";
		};
		DF7ED3822C12591100F58555 /* SmartTasksUITests */ = {
			isa = PBXNativeTarget;
			buildConfigurationList = DF7ED3932C12591100F58555 /* Build configuration list for PBXNativeTarget "SmartTasksUITests" */;
			buildPhases = (
				DF7ED37F2C12591100F58555 /* Sources */,
				DF7ED3802C12591100F58555 /* Frameworks */,
				DF7ED3812C12591100F58555 /* Resources */,
			);
			buildRules = (
			);
			dependencies = (
				DF7ED3852C12591100F58555 /* PBXTargetDependency */,
			);
			name = SmartTasksUITests;
			productName = SmartTasksUITests;
			productReference = DF7ED3832C12591100F58555 /* SmartTasksUITests.xctest */;
			productType = "com.apple.product-type.bundle.ui-testing";
		};
/* End PBXNativeTarget section */

/* Begin PBXProject section */
		DF7ED35B2C12590F00F58555 /* Project object */ = {
			isa = PBXProject;
			attributes = {
				BuildIndependentTargetsInParallel = 1;
				LastSwiftUpdateCheck = 1510;
				LastUpgradeCheck = 1510;
				TargetAttributes = {
					DF7ED3622C12591000F58555 = {
						CreatedOnToolsVersion = 15.1;
					};
					DF7ED3782C12591100F58555 = {
						CreatedOnToolsVersion = 15.1;
						TestTargetID = DF7ED3622C12591000F58555;
					};
					DF7ED3822C12591100F58555 = {
						CreatedOnToolsVersion = 15.1;
						TestTargetID = DF7ED3622C12591000F58555;
					};
				};
			};
			buildConfigurationList = DF7ED35E2C12590F00F58555 /* Build configuration list for PBXProject "SmartTasks" */;
			compatibilityVersion = "Xcode 14.0";
			developmentRegion = en;
			hasScannedForEncodings = 0;
			knownRegions = (
				en,
				Base,
			);
			mainGroup = DF7ED35A2C12590F00F58555;
			productRefGroup = DF7ED3642C12591000F58555 /* Products */;
			projectDirPath = "";
			projectRoot = "";
			targets = (
				DF7ED3622C12591000F58555 /* SmartTasks */,
				DF7ED3782C12591100F58555 /* SmartTasksTests */,
				DF7ED3822C12591100F58555 /* SmartTasksUITests */,
			);
		};
/* End PBXProject section */

/* Begin PBXResourcesBuildPhase section */
		DF7ED3612C12591000F58555 /* Resources */ = {
			isa = PBXResourcesBuildPhase;
			buildActionMask = 2147483647;
			files = (
				DF7ED3AA2C126D6000F58555 /* Colors.xcassets in Resources */,
				DF7ED3A22C12601A00F58555 /* AmsiPro-Bold.otf in Resources */,
				DF7ED3A12C12601A00F58555 /* AmsiPro-Regular.otf in Resources */,
				DF7ED3732C12591100F58555 /* LaunchScreen.storyboard in Resources */,
				DF7ED3702C12591100F58555 /* Assets.xcassets in Resources */,
			);
			runOnlyForDeploymentPostprocessing = 0;
		};
		DF7ED3772C12591100F58555 /* Resources */ = {
			isa = PBXResourcesBuildPhase;
			buildActionMask = 2147483647;
			files = (
			);
			runOnlyForDeploymentPostprocessing = 0;
		};
		DF7ED3812C12591100F58555 /* Resources */ = {
			isa = PBXResourcesBuildPhase;
			buildActionMask = 2147483647;
			files = (
			);
			runOnlyForDeploymentPostprocessing = 0;
		};
/* End PBXResourcesBuildPhase section */

/* Begin PBXSourcesBuildPhase section */
		DF7ED35F2C12591000F58555 /* Sources */ = {
			isa = PBXSourcesBuildPhase;
			buildActionMask = 2147483647;
			files = (
				DF7ED3A62C12616700F58555 /* SmartFonts.swift in Sources */,
				DF7ED3C22C13203100F58555 /* SmartColors.swift in Sources */,
				DF7ED3D12C1392BB00F58555 /* ImageProvideable.swift in Sources */,
				DF7ED3CA2C138F3000F58555 /* UIStackView+Extensions.swift in Sources */,
				DF7ED3672C12591000F58555 /* AppDelegate.swift in Sources */,
				DF7ED3B72C12739100F58555 /* TasksListViewController.swift in Sources */,
				DF7ED3C82C137DE700F58555 /* EmptyView.swift in Sources */,
				DF7ED3BD2C1273DD00F58555 /* TasksListRouter.swift in Sources */,
				DF7ED3CE2C13919B00F58555 /* SmartImages.swift in Sources */,
				DF7ED3BB2C1273CA00F58555 /* TasksListPresenter.swift in Sources */,
				DF7ED3692C12591000F58555 /* SceneDelegate.swift in Sources */,
				DF7ED39A2C125C5800F58555 /* AppRouter.swift in Sources */,
				DF7ED3C52C1335D100F58555 /* SmartUI.swift in Sources */,
				DF7ED3BF2C1273F100F58555 /* TasksListBuilder.swift in Sources */,
				DF7ED3B92C1273B300F58555 /* TasksListInteractor.swift in Sources */,
			);
			runOnlyForDeploymentPostprocessing = 0;
		};
		DF7ED3752C12591100F58555 /* Sources */ = {
			isa = PBXSourcesBuildPhase;
			buildActionMask = 2147483647;
			files = (
				DF7ED37E2C12591100F58555 /* SmartTasksTests.swift in Sources */,
			);
			runOnlyForDeploymentPostprocessing = 0;
		};
		DF7ED37F2C12591100F58555 /* Sources */ = {
			isa = PBXSourcesBuildPhase;
			buildActionMask = 2147483647;
			files = (
			);
			runOnlyForDeploymentPostprocessing = 0;
		};
/* End PBXSourcesBuildPhase section */

/* Begin PBXTargetDependency section */
		DF7ED37B2C12591100F58555 /* PBXTargetDependency */ = {
			isa = PBXTargetDependency;
			target = DF7ED3622C12591000F58555 /* SmartTasks */;
			targetProxy = DF7ED37A2C12591100F58555 /* PBXContainerItemProxy */;
		};
		DF7ED3852C12591100F58555 /* PBXTargetDependency */ = {
			isa = PBXTargetDependency;
			target = DF7ED3622C12591000F58555 /* SmartTasks */;
			targetProxy = DF7ED3842C12591100F58555 /* PBXContainerItemProxy */;
		};
/* End PBXTargetDependency section */

/* Begin PBXVariantGroup section */
		DF7ED3712C12591100F58555 /* LaunchScreen.storyboard */ = {
			isa = PBXVariantGroup;
			children = (
				DF7ED3722C12591100F58555 /* Base */,
			);
			name = LaunchScreen.storyboard;
			sourceTree = "<group>";
		};
/* End PBXVariantGroup section */

/* Begin XCBuildConfiguration section */
		DF7ED38B2C12591100F58555 /* Debug */ = {
			isa = XCBuildConfiguration;
			buildSettings = {
				ALWAYS_SEARCH_USER_PATHS = NO;
				ASSETCATALOG_COMPILER_GENERATE_SWIFT_ASSET_SYMBOL_EXTENSIONS = YES;
				CLANG_ANALYZER_NONNULL = YES;
				CLANG_ANALYZER_NUMBER_OBJECT_CONVERSION = YES_AGGRESSIVE;
				CLANG_CXX_LANGUAGE_STANDARD = "gnu++20";
				CLANG_ENABLE_MODULES = YES;
				CLANG_ENABLE_OBJC_ARC = YES;
				CLANG_ENABLE_OBJC_WEAK = YES;
				CLANG_WARN_BLOCK_CAPTURE_AUTORELEASING = YES;
				CLANG_WARN_BOOL_CONVERSION = YES;
				CLANG_WARN_COMMA = YES;
				CLANG_WARN_CONSTANT_CONVERSION = YES;
				CLANG_WARN_DEPRECATED_OBJC_IMPLEMENTATIONS = YES;
				CLANG_WARN_DIRECT_OBJC_ISA_USAGE = YES_ERROR;
				CLANG_WARN_DOCUMENTATION_COMMENTS = YES;
				CLANG_WARN_EMPTY_BODY = YES;
				CLANG_WARN_ENUM_CONVERSION = YES;
				CLANG_WARN_INFINITE_RECURSION = YES;
				CLANG_WARN_INT_CONVERSION = YES;
				CLANG_WARN_NON_LITERAL_NULL_CONVERSION = YES;
				CLANG_WARN_OBJC_IMPLICIT_RETAIN_SELF = YES;
				CLANG_WARN_OBJC_LITERAL_CONVERSION = YES;
				CLANG_WARN_OBJC_ROOT_CLASS = YES_ERROR;
				CLANG_WARN_QUOTED_INCLUDE_IN_FRAMEWORK_HEADER = YES;
				CLANG_WARN_RANGE_LOOP_ANALYSIS = YES;
				CLANG_WARN_STRICT_PROTOTYPES = YES;
				CLANG_WARN_SUSPICIOUS_MOVE = YES;
				CLANG_WARN_UNGUARDED_AVAILABILITY = YES_AGGRESSIVE;
				CLANG_WARN_UNREACHABLE_CODE = YES;
				CLANG_WARN__DUPLICATE_METHOD_MATCH = YES;
				COPY_PHASE_STRIP = NO;
				DEBUG_INFORMATION_FORMAT = dwarf;
				ENABLE_STRICT_OBJC_MSGSEND = YES;
				ENABLE_TESTABILITY = YES;
				ENABLE_USER_SCRIPT_SANDBOXING = YES;
				GCC_C_LANGUAGE_STANDARD = gnu17;
				GCC_DYNAMIC_NO_PIC = NO;
				GCC_NO_COMMON_BLOCKS = YES;
				GCC_OPTIMIZATION_LEVEL = 0;
				GCC_PREPROCESSOR_DEFINITIONS = (
					"DEBUG=1",
					"$(inherited)",
				);
				GCC_WARN_64_TO_32_BIT_CONVERSION = YES;
				GCC_WARN_ABOUT_RETURN_TYPE = YES_ERROR;
				GCC_WARN_UNDECLARED_SELECTOR = YES;
				GCC_WARN_UNINITIALIZED_AUTOS = YES_AGGRESSIVE;
				GCC_WARN_UNUSED_FUNCTION = YES;
				GCC_WARN_UNUSED_VARIABLE = YES;
				IPHONEOS_DEPLOYMENT_TARGET = 17.2;
				LOCALIZATION_PREFERS_STRING_CATALOGS = YES;
				MTL_ENABLE_DEBUG_INFO = INCLUDE_SOURCE;
				MTL_FAST_MATH = YES;
				ONLY_ACTIVE_ARCH = YES;
				SDKROOT = iphoneos;
				SWIFT_ACTIVE_COMPILATION_CONDITIONS = "DEBUG $(inherited)";
				SWIFT_OPTIMIZATION_LEVEL = "-Onone";
			};
			name = Debug;
		};
		DF7ED38C2C12591100F58555 /* Release */ = {
			isa = XCBuildConfiguration;
			buildSettings = {
				ALWAYS_SEARCH_USER_PATHS = NO;
				ASSETCATALOG_COMPILER_GENERATE_SWIFT_ASSET_SYMBOL_EXTENSIONS = YES;
				CLANG_ANALYZER_NONNULL = YES;
				CLANG_ANALYZER_NUMBER_OBJECT_CONVERSION = YES_AGGRESSIVE;
				CLANG_CXX_LANGUAGE_STANDARD = "gnu++20";
				CLANG_ENABLE_MODULES = YES;
				CLANG_ENABLE_OBJC_ARC = YES;
				CLANG_ENABLE_OBJC_WEAK = YES;
				CLANG_WARN_BLOCK_CAPTURE_AUTORELEASING = YES;
				CLANG_WARN_BOOL_CONVERSION = YES;
				CLANG_WARN_COMMA = YES;
				CLANG_WARN_CONSTANT_CONVERSION = YES;
				CLANG_WARN_DEPRECATED_OBJC_IMPLEMENTATIONS = YES;
				CLANG_WARN_DIRECT_OBJC_ISA_USAGE = YES_ERROR;
				CLANG_WARN_DOCUMENTATION_COMMENTS = YES;
				CLANG_WARN_EMPTY_BODY = YES;
				CLANG_WARN_ENUM_CONVERSION = YES;
				CLANG_WARN_INFINITE_RECURSION = YES;
				CLANG_WARN_INT_CONVERSION = YES;
				CLANG_WARN_NON_LITERAL_NULL_CONVERSION = YES;
				CLANG_WARN_OBJC_IMPLICIT_RETAIN_SELF = YES;
				CLANG_WARN_OBJC_LITERAL_CONVERSION = YES;
				CLANG_WARN_OBJC_ROOT_CLASS = YES_ERROR;
				CLANG_WARN_QUOTED_INCLUDE_IN_FRAMEWORK_HEADER = YES;
				CLANG_WARN_RANGE_LOOP_ANALYSIS = YES;
				CLANG_WARN_STRICT_PROTOTYPES = YES;
				CLANG_WARN_SUSPICIOUS_MOVE = YES;
				CLANG_WARN_UNGUARDED_AVAILABILITY = YES_AGGRESSIVE;
				CLANG_WARN_UNREACHABLE_CODE = YES;
				CLANG_WARN__DUPLICATE_METHOD_MATCH = YES;
				COPY_PHASE_STRIP = NO;
				DEBUG_INFORMATION_FORMAT = "dwarf-with-dsym";
				ENABLE_NS_ASSERTIONS = NO;
				ENABLE_STRICT_OBJC_MSGSEND = YES;
				ENABLE_USER_SCRIPT_SANDBOXING = YES;
				GCC_C_LANGUAGE_STANDARD = gnu17;
				GCC_NO_COMMON_BLOCKS = YES;
				GCC_WARN_64_TO_32_BIT_CONVERSION = YES;
				GCC_WARN_ABOUT_RETURN_TYPE = YES_ERROR;
				GCC_WARN_UNDECLARED_SELECTOR = YES;
				GCC_WARN_UNINITIALIZED_AUTOS = YES_AGGRESSIVE;
				GCC_WARN_UNUSED_FUNCTION = YES;
				GCC_WARN_UNUSED_VARIABLE = YES;
				IPHONEOS_DEPLOYMENT_TARGET = 17.2;
				LOCALIZATION_PREFERS_STRING_CATALOGS = YES;
				MTL_ENABLE_DEBUG_INFO = NO;
				MTL_FAST_MATH = YES;
				SDKROOT = iphoneos;
				SWIFT_COMPILATION_MODE = wholemodule;
				VALIDATE_PRODUCT = YES;
			};
			name = Release;
		};
		DF7ED38E2C12591100F58555 /* Debug */ = {
			isa = XCBuildConfiguration;
			buildSettings = {
				ASSETCATALOG_COMPILER_APPICON_NAME = AppIcon;
				ASSETCATALOG_COMPILER_GLOBAL_ACCENT_COLOR_NAME = AccentColor;
				CODE_SIGN_STYLE = Automatic;
				CURRENT_PROJECT_VERSION = 1;
				DEVELOPMENT_TEAM = 3H3S8BH6MC;
				GENERATE_INFOPLIST_FILE = YES;
				INFOPLIST_FILE = SmartTasks/Info.plist;
				INFOPLIST_KEY_UIApplicationSupportsIndirectInputEvents = YES;
				INFOPLIST_KEY_UILaunchStoryboardName = LaunchScreen;
				INFOPLIST_KEY_UISupportedInterfaceOrientations_iPhone = UIInterfaceOrientationPortrait;
				IPHONEOS_DEPLOYMENT_TARGET = 17.0;
				LD_RUNPATH_SEARCH_PATHS = (
					"$(inherited)",
					"@executable_path/Frameworks",
				);
				MARKETING_VERSION = 1.0;
				PRODUCT_BUNDLE_IDENTIFIER = com.janbaz.SmartTasks;
				PRODUCT_NAME = "$(TARGET_NAME)";
				SWIFT_EMIT_LOC_STRINGS = YES;
				SWIFT_VERSION = 5.0;
				TARGETED_DEVICE_FAMILY = "1,2";
			};
			name = Debug;
		};
		DF7ED38F2C12591100F58555 /* Release */ = {
			isa = XCBuildConfiguration;
			buildSettings = {
				ASSETCATALOG_COMPILER_APPICON_NAME = AppIcon;
				ASSETCATALOG_COMPILER_GLOBAL_ACCENT_COLOR_NAME = AccentColor;
				CODE_SIGN_STYLE = Automatic;
				CURRENT_PROJECT_VERSION = 1;
				DEVELOPMENT_TEAM = 3H3S8BH6MC;
				GENERATE_INFOPLIST_FILE = YES;
				INFOPLIST_FILE = SmartTasks/Info.plist;
				INFOPLIST_KEY_UIApplicationSupportsIndirectInputEvents = YES;
				INFOPLIST_KEY_UILaunchStoryboardName = LaunchScreen;
				INFOPLIST_KEY_UISupportedInterfaceOrientations_iPhone = UIInterfaceOrientationPortrait;
				IPHONEOS_DEPLOYMENT_TARGET = 17.0;
				LD_RUNPATH_SEARCH_PATHS = (
					"$(inherited)",
					"@executable_path/Frameworks",
				);
				MARKETING_VERSION = 1.0;
				PRODUCT_BUNDLE_IDENTIFIER = com.janbaz.SmartTasks;
				PRODUCT_NAME = "$(TARGET_NAME)";
				SWIFT_EMIT_LOC_STRINGS = YES;
				SWIFT_VERSION = 5.0;
				TARGETED_DEVICE_FAMILY = "1,2";
			};
			name = Release;
		};
		DF7ED3912C12591100F58555 /* Debug */ = {
			isa = XCBuildConfiguration;
			buildSettings = {
				ALWAYS_EMBED_SWIFT_STANDARD_LIBRARIES = YES;
				BUNDLE_LOADER = "$(TEST_HOST)";
				CODE_SIGN_STYLE = Automatic;
				CURRENT_PROJECT_VERSION = 1;
				GENERATE_INFOPLIST_FILE = YES;
				IPHONEOS_DEPLOYMENT_TARGET = 17.2;
				MARKETING_VERSION = 1.0;
				PRODUCT_BUNDLE_IDENTIFIER = com.janbaz.SmartTasksTests;
				PRODUCT_NAME = "$(TARGET_NAME)";
				SWIFT_EMIT_LOC_STRINGS = NO;
				SWIFT_VERSION = 5.0;
				TARGETED_DEVICE_FAMILY = "1,2";
				TEST_HOST = "$(BUILT_PRODUCTS_DIR)/SmartTasks.app/$(BUNDLE_EXECUTABLE_FOLDER_PATH)/SmartTasks";
			};
			name = Debug;
		};
		DF7ED3922C12591100F58555 /* Release */ = {
			isa = XCBuildConfiguration;
			buildSettings = {
				ALWAYS_EMBED_SWIFT_STANDARD_LIBRARIES = YES;
				BUNDLE_LOADER = "$(TEST_HOST)";
				CODE_SIGN_STYLE = Automatic;
				CURRENT_PROJECT_VERSION = 1;
				GENERATE_INFOPLIST_FILE = YES;
				IPHONEOS_DEPLOYMENT_TARGET = 17.2;
				MARKETING_VERSION = 1.0;
				PRODUCT_BUNDLE_IDENTIFIER = com.janbaz.SmartTasksTests;
				PRODUCT_NAME = "$(TARGET_NAME)";
				SWIFT_EMIT_LOC_STRINGS = NO;
				SWIFT_VERSION = 5.0;
				TARGETED_DEVICE_FAMILY = "1,2";
				TEST_HOST = "$(BUILT_PRODUCTS_DIR)/SmartTasks.app/$(BUNDLE_EXECUTABLE_FOLDER_PATH)/SmartTasks";
			};
			name = Release;
		};
		DF7ED3942C12591100F58555 /* Debug */ = {
			isa = XCBuildConfiguration;
			buildSettings = {
				ALWAYS_EMBED_SWIFT_STANDARD_LIBRARIES = YES;
				CODE_SIGN_STYLE = Automatic;
				CURRENT_PROJECT_VERSION = 1;
				GENERATE_INFOPLIST_FILE = YES;
				MARKETING_VERSION = 1.0;
				PRODUCT_BUNDLE_IDENTIFIER = com.janbaz.SmartTasksUITests;
				PRODUCT_NAME = "$(TARGET_NAME)";
				SWIFT_EMIT_LOC_STRINGS = NO;
				SWIFT_VERSION = 5.0;
				TARGETED_DEVICE_FAMILY = "1,2";
				TEST_TARGET_NAME = SmartTasks;
			};
			name = Debug;
		};
		DF7ED3952C12591100F58555 /* Release */ = {
			isa = XCBuildConfiguration;
			buildSettings = {
				ALWAYS_EMBED_SWIFT_STANDARD_LIBRARIES = YES;
				CODE_SIGN_STYLE = Automatic;
				CURRENT_PROJECT_VERSION = 1;
				GENERATE_INFOPLIST_FILE = YES;
				MARKETING_VERSION = 1.0;
				PRODUCT_BUNDLE_IDENTIFIER = com.janbaz.SmartTasksUITests;
				PRODUCT_NAME = "$(TARGET_NAME)";
				SWIFT_EMIT_LOC_STRINGS = NO;
				SWIFT_VERSION = 5.0;
				TARGETED_DEVICE_FAMILY = "1,2";
				TEST_TARGET_NAME = SmartTasks;
			};
			name = Release;
		};
/* End XCBuildConfiguration section */

/* Begin XCConfigurationList section */
		DF7ED35E2C12590F00F58555 /* Build configuration list for PBXProject "SmartTasks" */ = {
			isa = XCConfigurationList;
			buildConfigurations = (
				DF7ED38B2C12591100F58555 /* Debug */,
				DF7ED38C2C12591100F58555 /* Release */,
			);
			defaultConfigurationIsVisible = 0;
			defaultConfigurationName = Release;
		};
		DF7ED38D2C12591100F58555 /* Build configuration list for PBXNativeTarget "SmartTasks" */ = {
			isa = XCConfigurationList;
			buildConfigurations = (
				DF7ED38E2C12591100F58555 /* Debug */,
				DF7ED38F2C12591100F58555 /* Release */,
			);
			defaultConfigurationIsVisible = 0;
			defaultConfigurationName = Release;
		};
		DF7ED3902C12591100F58555 /* Build configuration list for PBXNativeTarget "SmartTasksTests" */ = {
			isa = XCConfigurationList;
			buildConfigurations = (
				DF7ED3912C12591100F58555 /* Debug */,
				DF7ED3922C12591100F58555 /* Release */,
			);
			defaultConfigurationIsVisible = 0;
			defaultConfigurationName = Release;
		};
		DF7ED3932C12591100F58555 /* Build configuration list for PBXNativeTarget "SmartTasksUITests" */ = {
			isa = XCConfigurationList;
			buildConfigurations = (
				DF7ED3942C12591100F58555 /* Debug */,
				DF7ED3952C12591100F58555 /* Release */,
			);
			defaultConfigurationIsVisible = 0;
			defaultConfigurationName = Release;
		};
/* End XCConfigurationList section */
	};
	rootObject = DF7ED35B2C12590F00F58555 /* Project object */;
}
