// !$*UTF8*$!
{
	archiveVersion = 1;
	classes = {
	};
	objectVersion = 56;
	objects = {

/* Begin PBXBuildFile section */
		DF6091CB2C13C6690050C449 /* Networking.framework in Frameworks */ = {isa = PBXBuildFile; fileRef = DF6091C32C13C6680050C449 /* Networking.framework */; };
		DF6091D22C13C6690050C449 /* NetworkingTests.swift in Sources */ = {isa = PBXBuildFile; fileRef = DF6091D12C13C6690050C449 /* NetworkingTests.swift */; };
		DF6091D32C13C6690050C449 /* Networking.h in Headers */ = {isa = PBXBuildFile; fileRef = DF6091C52C13C6680050C449 /* Networking.h */; settings = {ATTRIBUTES = (Public, ); }; };
		DF6091D62C13C6690050C449 /* Networking.framework in Frameworks */ = {isa = PBXBuildFile; fileRef = DF6091C32C13C6680050C449 /* Networking.framework */; };
		DF6091D82C13C6690050C449 /* Networking.framework in Embed Frameworks */ = {isa = PBXBuildFile; fileRef = DF6091C32C13C6680050C449 /* Networking.framework */; settings = {ATTRIBUTES = (CodeSignOnCopy, RemoveHeadersOnCopy, ); }; };
		DF6091ED2C13C7170050C449 /* URLResponseStatusTests.swift in Sources */ = {isa = PBXBuildFile; fileRef = DF6091E82C13C7170050C449 /* URLResponseStatusTests.swift */; };
		DF6091EE2C13C7170050C449 /* URLRequestFactoryTests.swift in Sources */ = {isa = PBXBuildFile; fileRef = DF6091EA2C13C7170050C449 /* URLRequestFactoryTests.swift */; };
		DF6091EF2C13C7170050C449 /* URLRequestableMock.swift in Sources */ = {isa = PBXBuildFile; fileRef = DF6091EB2C13C7170050C449 /* URLRequestableMock.swift */; };
		DF6091F02C13C7170050C449 /* URLRequestEncodingDecisionMakerTests.swift in Sources */ = {isa = PBXBuildFile; fileRef = DF6091EC2C13C7170050C449 /* URLRequestEncodingDecisionMakerTests.swift */; };
		DF6092062C13C8510050C449 /* NetworkError.swift in Sources */ = {isa = PBXBuildFile; fileRef = DF6091F22C13C8510050C449 /* NetworkError.swift */; };
		DF6092072C13C8510050C449 /* JSONParser.swift in Sources */ = {isa = PBXBuildFile; fileRef = DF6091F42C13C8510050C449 /* JSONParser.swift */; };
		DF6092082C13C8510050C449 /* Networking.swift in Sources */ = {isa = PBXBuildFile; fileRef = DF6091F62C13C8510050C449 /* Networking.swift */; };
		DF6092092C13C8510050C449 /* NetworkProviding.swift in Sources */ = {isa = PBXBuildFile; fileRef = DF6091F72C13C8510050C449 /* NetworkProviding.swift */; };
		DF60920A2C13C8510050C449 /* URLResponseStatus.swift in Sources */ = {isa = PBXBuildFile; fileRef = DF6091F92C13C8510050C449 /* URLResponseStatus.swift */; };
		DF60920B2C13C8510050C449 /* HTTPMethod.swift in Sources */ = {isa = PBXBuildFile; fileRef = DF6091FB2C13C8510050C449 /* HTTPMethod.swift */; };
		DF60920C2C13C8510050C449 /* HTTPClient.swift in Sources */ = {isa = PBXBuildFile; fileRef = DF6091FD2C13C8510050C449 /* HTTPClient.swift */; };
		DF60920D2C13C8510050C449 /* URLRequestable.swift in Sources */ = {isa = PBXBuildFile; fileRef = DF6091FF2C13C8510050C449 /* URLRequestable.swift */; };
		DF60920E2C13C8510050C449 /* URLRequestEncodingDecisionMaker.swift in Sources */ = {isa = PBXBuildFile; fileRef = DF6092002C13C8510050C449 /* URLRequestEncodingDecisionMaker.swift */; };
		DF60920F2C13C8510050C449 /* URLRequestMaking.swift in Sources */ = {isa = PBXBuildFile; fileRef = DF6092012C13C8510050C449 /* URLRequestMaking.swift */; };
		DF6092102C13C8510050C449 /* URLRequestEncoding.swift in Sources */ = {isa = PBXBuildFile; fileRef = DF6092022C13C8510050C449 /* URLRequestEncoding.swift */; };
		DF6092112C13C8510050C449 /* URLRequestFactory.swift in Sources */ = {isa = PBXBuildFile; fileRef = DF6092032C13C8510050C449 /* URLRequestFactory.swift */; };
		DF6092122C13C8510050C449 /* BaseURLHaving.swift in Sources */ = {isa = PBXBuildFile; fileRef = DF6092052C13C8510050C449 /* BaseURLHaving.swift */; };
		DF6092152C13CB7B0050C449 /* TasksService.swift in Sources */ = {isa = PBXBuildFile; fileRef = DF6092142C13CB7B0050C449 /* TasksService.swift */; };
		DF60921A2C13CC1A0050C449 /* TasksListEndPoint.swift in Sources */ = {isa = PBXBuildFile; fileRef = DF6092192C13CC1A0050C449 /* TasksListEndPoint.swift */; };
		DF60921C2C13CCA90050C449 /* TasksListRequest.swift in Sources */ = {isa = PBXBuildFile; fileRef = DF60921B2C13CCA90050C449 /* TasksListRequest.swift */; };
		DF60921F2C13CCF50050C449 /* BaseRequest.swift in Sources */ = {isa = PBXBuildFile; fileRef = DF60921E2C13CCF50050C449 /* BaseRequest.swift */; };
		DF6092222C13CD300050C449 /* AppConfiguration.swift in Sources */ = {isa = PBXBuildFile; fileRef = DF6092212C13CD300050C449 /* AppConfiguration.swift */; };
		DF6092242C13CDFA0050C449 /* TasksListResponse.swift in Sources */ = {isa = PBXBuildFile; fileRef = DF6092232C13CDFA0050C449 /* TasksListResponse.swift */; };
		DF6092282C13CED30050C449 /* AppError.swift in Sources */ = {isa = PBXBuildFile; fileRef = DF6092272C13CED30050C449 /* AppError.swift */; };
		DF60922B2C13D4390050C449 /* Tasks.swift in Sources */ = {isa = PBXBuildFile; fileRef = DF60922A2C13D4390050C449 /* Tasks.swift */; };
		DF60922D2C1473100050C449 /* String+Extensions.swift in Sources */ = {isa = PBXBuildFile; fileRef = DF60922C2C1473100050C449 /* String+Extensions.swift */; };
		DF6092302C14F80D0050C449 /* TaskCollecCollectionViewCell.swift in Sources */ = {isa = PBXBuildFile; fileRef = DF60922F2C14F80D0050C449 /* TaskCollecCollectionViewCell.swift */; };
		DF6092332C14F8CC0050C449 /* ReusableView.swift in Sources */ = {isa = PBXBuildFile; fileRef = DF6092322C14F8CC0050C449 /* ReusableView.swift */; };
		DF6092352C14FB880050C449 /* UIView+Extensions.swift in Sources */ = {isa = PBXBuildFile; fileRef = DF6092342C14FB880050C449 /* UIView+Extensions.swift */; };
		DF6092372C1501120050C449 /* UIStackView+Extensions.swift in Sources */ = {isa = PBXBuildFile; fileRef = DF6092362C1501120050C449 /* UIStackView+Extensions.swift */; };
		DF60923A2C1502BE0050C449 /* VerticalLabelsView.swift in Sources */ = {isa = PBXBuildFile; fileRef = DF6092392C1502BE0050C449 /* VerticalLabelsView.swift */; };
		DF60923D2C150D250050C449 /* TasksListDataSource.swift in Sources */ = {isa = PBXBuildFile; fileRef = DF60923C2C150D250050C449 /* TasksListDataSource.swift */; };
		DF6092402C150E450050C449 /* CollectionViewDataSource.swift in Sources */ = {isa = PBXBuildFile; fileRef = DF60923F2C150E450050C449 /* CollectionViewDataSource.swift */; };
		DF6092422C1514490050C449 /* UICollectionViewCompositionalLayout+Extensions.swift in Sources */ = {isa = PBXBuildFile; fileRef = DF6092412C1514490050C449 /* UICollectionViewCompositionalLayout+Extensions.swift */; };
		DF7ED3672C12591000F58555 /* AppDelegate.swift in Sources */ = {isa = PBXBuildFile; fileRef = DF7ED3662C12591000F58555 /* AppDelegate.swift */; };
		DF7ED3692C12591000F58555 /* SceneDelegate.swift in Sources */ = {isa = PBXBuildFile; fileRef = DF7ED3682C12591000F58555 /* SceneDelegate.swift */; };
		DF7ED3702C12591100F58555 /* Assets.xcassets in Resources */ = {isa = PBXBuildFile; fileRef = DF7ED36F2C12591100F58555 /* Assets.xcassets */; };
		DF7ED3732C12591100F58555 /* LaunchScreen.storyboard in Resources */ = {isa = PBXBuildFile; fileRef = DF7ED3712C12591100F58555 /* LaunchScreen.storyboard */; };
		DF7ED37E2C12591100F58555 /* SmartTasksTests.swift in Sources */ = {isa = PBXBuildFile; fileRef = DF7ED37D2C12591100F58555 /* SmartTasksTests.swift */; };
		DF7ED39A2C125C5800F58555 /* AppRouter.swift in Sources */ = {isa = PBXBuildFile; fileRef = DF7ED3992C125C5800F58555 /* AppRouter.swift */; };
		DF7ED3A12C12601A00F58555 /* AmsiPro-Regular.otf in Resources */ = {isa = PBXBuildFile; fileRef = DF7ED39F2C12601A00F58555 /* AmsiPro-Regular.otf */; };
		DF7ED3A22C12601A00F58555 /* AmsiPro-Bold.otf in Resources */ = {isa = PBXBuildFile; fileRef = DF7ED3A02C12601A00F58555 /* AmsiPro-Bold.otf */; };
		DF7ED3A62C12616700F58555 /* SmartFonts.swift in Sources */ = {isa = PBXBuildFile; fileRef = DF7ED3A52C12616700F58555 /* SmartFonts.swift */; };
		DF7ED3AA2C126D6000F58555 /* Colors.xcassets in Resources */ = {isa = PBXBuildFile; fileRef = DF7ED3A92C126D6000F58555 /* Colors.xcassets */; };
		DF7ED3B72C12739100F58555 /* TasksListViewController.swift in Sources */ = {isa = PBXBuildFile; fileRef = DF7ED3B62C12739100F58555 /* TasksListViewController.swift */; };
		DF7ED3B92C1273B300F58555 /* TasksListInteractor.swift in Sources */ = {isa = PBXBuildFile; fileRef = DF7ED3B82C1273B300F58555 /* TasksListInteractor.swift */; };
		DF7ED3BB2C1273CA00F58555 /* TasksListPresenter.swift in Sources */ = {isa = PBXBuildFile; fileRef = DF7ED3BA2C1273CA00F58555 /* TasksListPresenter.swift */; };
		DF7ED3BD2C1273DD00F58555 /* TasksListRouter.swift in Sources */ = {isa = PBXBuildFile; fileRef = DF7ED3BC2C1273DD00F58555 /* TasksListRouter.swift */; };
		DF7ED3BF2C1273F100F58555 /* TasksListBuilder.swift in Sources */ = {isa = PBXBuildFile; fileRef = DF7ED3BE2C1273F100F58555 /* TasksListBuilder.swift */; };
		DF7ED3C22C13203100F58555 /* SmartColors.swift in Sources */ = {isa = PBXBuildFile; fileRef = DF7ED3C12C13203100F58555 /* SmartColors.swift */; };
		DF7ED3C52C1335D100F58555 /* SmartUI.swift in Sources */ = {isa = PBXBuildFile; fileRef = DF7ED3C42C1335D100F58555 /* SmartUI.swift */; };
		DF7ED3C82C137DE700F58555 /* EmptyView.swift in Sources */ = {isa = PBXBuildFile; fileRef = DF7ED3C72C137DE700F58555 /* EmptyView.swift */; };
		DF7ED3CE2C13919B00F58555 /* SmartImages.swift in Sources */ = {isa = PBXBuildFile; fileRef = DF7ED3CD2C13919B00F58555 /* SmartImages.swift */; };
		DF7ED3D12C1392BB00F58555 /* ImageProvideable.swift in Sources */ = {isa = PBXBuildFile; fileRef = DF7ED3D02C1392BB00F58555 /* ImageProvideable.swift */; };
		DFAA1EAD2C16426E0087923F /* Date+Extensions.swift in Sources */ = {isa = PBXBuildFile; fileRef = DFAA1EAC2C16426E0087923F /* Date+Extensions.swift */; };
		DFC2C4432C167691007BF240 /* TasksListPresenterTests.swift in Sources */ = {isa = PBXBuildFile; fileRef = DFC2C4422C167691007BF240 /* TasksListPresenterTests.swift */; };
		DFC2C4462C167893007BF240 /* TasksListViewSpy.swift in Sources */ = {isa = PBXBuildFile; fileRef = DFC2C4452C167893007BF240 /* TasksListViewSpy.swift */; };
		DFC2C4482C1678CD007BF240 /* TasksListInteractorStub.swift in Sources */ = {isa = PBXBuildFile; fileRef = DFC2C4472C1678CD007BF240 /* TasksListInteractorStub.swift */; };
		DFC2C44A2C173768007BF240 /* UIViewController+Extensions.swift in Sources */ = {isa = PBXBuildFile; fileRef = DFC2C4492C173768007BF240 /* UIViewController+Extensions.swift */; };
		DFC2C44D2C173A4E007BF240 /* Constants.swift in Sources */ = {isa = PBXBuildFile; fileRef = DFC2C44C2C173A4E007BF240 /* Constants.swift */; };
/* End PBXBuildFile section */

/* Begin PBXContainerItemProxy section */
		DF6091CC2C13C6690050C449 /* PBXContainerItemProxy */ = {
			isa = PBXContainerItemProxy;
			containerPortal = DF7ED35B2C12590F00F58555 /* Project object */;
			proxyType = 1;
			remoteGlobalIDString = DF6091C22C13C6680050C449;
			remoteInfo = Networking;
		};
		DF6091CE2C13C6690050C449 /* PBXContainerItemProxy */ = {
			isa = PBXContainerItemProxy;
			containerPortal = DF7ED35B2C12590F00F58555 /* Project object */;
			proxyType = 1;
			remoteGlobalIDString = DF7ED3622C12591000F58555;
			remoteInfo = SmartTasks;
		};
		DF6091D42C13C6690050C449 /* PBXContainerItemProxy */ = {
			isa = PBXContainerItemProxy;
			containerPortal = DF7ED35B2C12590F00F58555 /* Project object */;
			proxyType = 1;
			remoteGlobalIDString = DF6091C22C13C6680050C449;
			remoteInfo = Networking;
		};
		DF7ED37A2C12591100F58555 /* PBXContainerItemProxy */ = {
			isa = PBXContainerItemProxy;
			containerPortal = DF7ED35B2C12590F00F58555 /* Project object */;
			proxyType = 1;
			remoteGlobalIDString = DF7ED3622C12591000F58555;
			remoteInfo = SmartTasks;
		};
/* End PBXContainerItemProxy section */

/* Begin PBXCopyFilesBuildPhase section */
		DF6091D72C13C6690050C449 /* Embed Frameworks */ = {
			isa = PBXCopyFilesBuildPhase;
			buildActionMask = 2147483647;
			dstPath = "";
			dstSubfolderSpec = 10;
			files = (
				DF6091D82C13C6690050C449 /* Networking.framework in Embed Frameworks */,
			);
			name = "Embed Frameworks";
			runOnlyForDeploymentPostprocessing = 0;
		};
/* End PBXCopyFilesBuildPhase section */

/* Begin PBXFileReference section */
		DF6091C32C13C6680050C449 /* Networking.framework */ = {isa = PBXFileReference; explicitFileType = wrapper.framework; includeInIndex = 0; path = Networking.framework; sourceTree = BUILT_PRODUCTS_DIR; };
		DF6091C52C13C6680050C449 /* Networking.h */ = {isa = PBXFileReference; lastKnownFileType = sourcecode.c.h; path = Networking.h; sourceTree = "<group>"; };
		DF6091CA2C13C6690050C449 /* NetworkingTests.xctest */ = {isa = PBXFileReference; explicitFileType = wrapper.cfbundle; includeInIndex = 0; path = NetworkingTests.xctest; sourceTree = BUILT_PRODUCTS_DIR; };
		DF6091D12C13C6690050C449 /* NetworkingTests.swift */ = {isa = PBXFileReference; lastKnownFileType = sourcecode.swift; path = NetworkingTests.swift; sourceTree = "<group>"; };
		DF6091E82C13C7170050C449 /* URLResponseStatusTests.swift */ = {isa = PBXFileReference; fileEncoding = 4; lastKnownFileType = sourcecode.swift; path = URLResponseStatusTests.swift; sourceTree = "<group>"; };
		DF6091EA2C13C7170050C449 /* URLRequestFactoryTests.swift */ = {isa = PBXFileReference; fileEncoding = 4; lastKnownFileType = sourcecode.swift; path = URLRequestFactoryTests.swift; sourceTree = "<group>"; };
		DF6091EB2C13C7170050C449 /* URLRequestableMock.swift */ = {isa = PBXFileReference; fileEncoding = 4; lastKnownFileType = sourcecode.swift; path = URLRequestableMock.swift; sourceTree = "<group>"; };
		DF6091EC2C13C7170050C449 /* URLRequestEncodingDecisionMakerTests.swift */ = {isa = PBXFileReference; fileEncoding = 4; lastKnownFileType = sourcecode.swift; path = URLRequestEncodingDecisionMakerTests.swift; sourceTree = "<group>"; };
		DF6091F22C13C8510050C449 /* NetworkError.swift */ = {isa = PBXFileReference; fileEncoding = 4; lastKnownFileType = sourcecode.swift; path = NetworkError.swift; sourceTree = "<group>"; };
		DF6091F42C13C8510050C449 /* JSONParser.swift */ = {isa = PBXFileReference; fileEncoding = 4; lastKnownFileType = sourcecode.swift; path = JSONParser.swift; sourceTree = "<group>"; };
		DF6091F62C13C8510050C449 /* Networking.swift */ = {isa = PBXFileReference; fileEncoding = 4; lastKnownFileType = sourcecode.swift; path = Networking.swift; sourceTree = "<group>"; };
		DF6091F72C13C8510050C449 /* NetworkProviding.swift */ = {isa = PBXFileReference; fileEncoding = 4; lastKnownFileType = sourcecode.swift; path = NetworkProviding.swift; sourceTree = "<group>"; };
		DF6091F92C13C8510050C449 /* URLResponseStatus.swift */ = {isa = PBXFileReference; fileEncoding = 4; lastKnownFileType = sourcecode.swift; path = URLResponseStatus.swift; sourceTree = "<group>"; };
		DF6091FB2C13C8510050C449 /* HTTPMethod.swift */ = {isa = PBXFileReference; fileEncoding = 4; lastKnownFileType = sourcecode.swift; path = HTTPMethod.swift; sourceTree = "<group>"; };
		DF6091FD2C13C8510050C449 /* HTTPClient.swift */ = {isa = PBXFileReference; fileEncoding = 4; lastKnownFileType = sourcecode.swift; path = HTTPClient.swift; sourceTree = "<group>"; };
		DF6091FF2C13C8510050C449 /* URLRequestable.swift */ = {isa = PBXFileReference; fileEncoding = 4; lastKnownFileType = sourcecode.swift; path = URLRequestable.swift; sourceTree = "<group>"; };
		DF6092002C13C8510050C449 /* URLRequestEncodingDecisionMaker.swift */ = {isa = PBXFileReference; fileEncoding = 4; lastKnownFileType = sourcecode.swift; path = URLRequestEncodingDecisionMaker.swift; sourceTree = "<group>"; };
		DF6092012C13C8510050C449 /* URLRequestMaking.swift */ = {isa = PBXFileReference; fileEncoding = 4; lastKnownFileType = sourcecode.swift; path = URLRequestMaking.swift; sourceTree = "<group>"; };
		DF6092022C13C8510050C449 /* URLRequestEncoding.swift */ = {isa = PBXFileReference; fileEncoding = 4; lastKnownFileType = sourcecode.swift; path = URLRequestEncoding.swift; sourceTree = "<group>"; };
		DF6092032C13C8510050C449 /* URLRequestFactory.swift */ = {isa = PBXFileReference; fileEncoding = 4; lastKnownFileType = sourcecode.swift; path = URLRequestFactory.swift; sourceTree = "<group>"; };
		DF6092052C13C8510050C449 /* BaseURLHaving.swift */ = {isa = PBXFileReference; fileEncoding = 4; lastKnownFileType = sourcecode.swift; path = BaseURLHaving.swift; sourceTree = "<group>"; };
		DF6092142C13CB7B0050C449 /* TasksService.swift */ = {isa = PBXFileReference; lastKnownFileType = sourcecode.swift; path = TasksService.swift; sourceTree = "<group>"; };
		DF6092192C13CC1A0050C449 /* TasksListEndPoint.swift */ = {isa = PBXFileReference; lastKnownFileType = sourcecode.swift; path = TasksListEndPoint.swift; sourceTree = "<group>"; };
		DF60921B2C13CCA90050C449 /* TasksListRequest.swift */ = {isa = PBXFileReference; lastKnownFileType = sourcecode.swift; path = TasksListRequest.swift; sourceTree = "<group>"; };
		DF60921E2C13CCF50050C449 /* BaseRequest.swift */ = {isa = PBXFileReference; lastKnownFileType = sourcecode.swift; path = BaseRequest.swift; sourceTree = "<group>"; };
		DF6092212C13CD300050C449 /* AppConfiguration.swift */ = {isa = PBXFileReference; lastKnownFileType = sourcecode.swift; path = AppConfiguration.swift; sourceTree = "<group>"; };
		DF6092232C13CDFA0050C449 /* TasksListResponse.swift */ = {isa = PBXFileReference; lastKnownFileType = sourcecode.swift; path = TasksListResponse.swift; sourceTree = "<group>"; };
		DF6092272C13CED30050C449 /* AppError.swift */ = {isa = PBXFileReference; lastKnownFileType = sourcecode.swift; path = AppError.swift; sourceTree = "<group>"; };
		DF60922A2C13D4390050C449 /* Tasks.swift */ = {isa = PBXFileReference; lastKnownFileType = sourcecode.swift; path = Tasks.swift; sourceTree = "<group>"; };
		DF60922C2C1473100050C449 /* String+Extensions.swift */ = {isa = PBXFileReference; lastKnownFileType = sourcecode.swift; path = "String+Extensions.swift"; sourceTree = "<group>"; };
		DF60922F2C14F80D0050C449 /* TaskCollecCollectionViewCell.swift */ = {isa = PBXFileReference; lastKnownFileType = sourcecode.swift; path = TaskCollecCollectionViewCell.swift; sourceTree = "<group>"; };
		DF6092322C14F8CC0050C449 /* ReusableView.swift */ = {isa = PBXFileReference; lastKnownFileType = sourcecode.swift; path = ReusableView.swift; sourceTree = "<group>"; };
		DF6092342C14FB880050C449 /* UIView+Extensions.swift */ = {isa = PBXFileReference; lastKnownFileType = sourcecode.swift; path = "UIView+Extensions.swift"; sourceTree = "<group>"; };
		DF6092362C1501120050C449 /* UIStackView+Extensions.swift */ = {isa = PBXFileReference; lastKnownFileType = sourcecode.swift; path = "UIStackView+Extensions.swift"; sourceTree = "<group>"; };
		DF6092392C1502BE0050C449 /* VerticalLabelsView.swift */ = {isa = PBXFileReference; lastKnownFileType = sourcecode.swift; path = VerticalLabelsView.swift; sourceTree = "<group>"; };
		DF60923C2C150D250050C449 /* TasksListDataSource.swift */ = {isa = PBXFileReference; lastKnownFileType = sourcecode.swift; path = TasksListDataSource.swift; sourceTree = "<group>"; };
		DF60923F2C150E450050C449 /* CollectionViewDataSource.swift */ = {isa = PBXFileReference; lastKnownFileType = sourcecode.swift; path = CollectionViewDataSource.swift; sourceTree = "<group>"; };
		DF6092412C1514490050C449 /* UICollectionViewCompositionalLayout+Extensions.swift */ = {isa = PBXFileReference; lastKnownFileType = sourcecode.swift; path = "UICollectionViewCompositionalLayout+Extensions.swift"; sourceTree = "<group>"; };
		DF7ED3632C12591000F58555 /* SmartTasks.app */ = {isa = PBXFileReference; explicitFileType = wrapper.application; includeInIndex = 0; path = SmartTasks.app; sourceTree = BUILT_PRODUCTS_DIR; };
		DF7ED3662C12591000F58555 /* AppDelegate.swift */ = {isa = PBXFileReference; lastKnownFileType = sourcecode.swift; path = AppDelegate.swift; sourceTree = "<group>"; };
		DF7ED3682C12591000F58555 /* SceneDelegate.swift */ = {isa = PBXFileReference; lastKnownFileType = sourcecode.swift; path = SceneDelegate.swift; sourceTree = "<group>"; };
		DF7ED36F2C12591100F58555 /* Assets.xcassets */ = {isa = PBXFileReference; lastKnownFileType = folder.assetcatalog; path = Assets.xcassets; sourceTree = "<group>"; };
		DF7ED3722C12591100F58555 /* Base */ = {isa = PBXFileReference; lastKnownFileType = file.storyboard; name = Base; path = Base.lproj/LaunchScreen.storyboard; sourceTree = "<group>"; };
		DF7ED3742C12591100F58555 /* Info.plist */ = {isa = PBXFileReference; lastKnownFileType = text.plist.xml; path = Info.plist; sourceTree = "<group>"; };
		DF7ED3792C12591100F58555 /* SmartTasksTests.xctest */ = {isa = PBXFileReference; explicitFileType = wrapper.cfbundle; includeInIndex = 0; path = SmartTasksTests.xctest; sourceTree = BUILT_PRODUCTS_DIR; };
		DF7ED37D2C12591100F58555 /* SmartTasksTests.swift */ = {isa = PBXFileReference; lastKnownFileType = sourcecode.swift; path = SmartTasksTests.swift; sourceTree = "<group>"; };
		DF7ED3992C125C5800F58555 /* AppRouter.swift */ = {isa = PBXFileReference; lastKnownFileType = sourcecode.swift; path = AppRouter.swift; sourceTree = "<group>"; };
		DF7ED39F2C12601A00F58555 /* AmsiPro-Regular.otf */ = {isa = PBXFileReference; lastKnownFileType = file; path = "AmsiPro-Regular.otf"; sourceTree = "<group>"; };
		DF7ED3A02C12601A00F58555 /* AmsiPro-Bold.otf */ = {isa = PBXFileReference; lastKnownFileType = file; path = "AmsiPro-Bold.otf"; sourceTree = "<group>"; };
		DF7ED3A52C12616700F58555 /* SmartFonts.swift */ = {isa = PBXFileReference; lastKnownFileType = sourcecode.swift; path = SmartFonts.swift; sourceTree = "<group>"; };
		DF7ED3A92C126D6000F58555 /* Colors.xcassets */ = {isa = PBXFileReference; lastKnownFileType = folder.assetcatalog; path = Colors.xcassets; sourceTree = "<group>"; };
		DF7ED3B62C12739100F58555 /* TasksListViewController.swift */ = {isa = PBXFileReference; lastKnownFileType = sourcecode.swift; path = TasksListViewController.swift; sourceTree = "<group>"; };
		DF7ED3B82C1273B300F58555 /* TasksListInteractor.swift */ = {isa = PBXFileReference; lastKnownFileType = sourcecode.swift; path = TasksListInteractor.swift; sourceTree = "<group>"; };
		DF7ED3BA2C1273CA00F58555 /* TasksListPresenter.swift */ = {isa = PBXFileReference; lastKnownFileType = sourcecode.swift; path = TasksListPresenter.swift; sourceTree = "<group>"; };
		DF7ED3BC2C1273DD00F58555 /* TasksListRouter.swift */ = {isa = PBXFileReference; lastKnownFileType = sourcecode.swift; path = TasksListRouter.swift; sourceTree = "<group>"; };
		DF7ED3BE2C1273F100F58555 /* TasksListBuilder.swift */ = {isa = PBXFileReference; lastKnownFileType = sourcecode.swift; path = TasksListBuilder.swift; sourceTree = "<group>"; };
		DF7ED3C12C13203100F58555 /* SmartColors.swift */ = {isa = PBXFileReference; lastKnownFileType = sourcecode.swift; path = SmartColors.swift; sourceTree = "<group>"; };
		DF7ED3C42C1335D100F58555 /* SmartUI.swift */ = {isa = PBXFileReference; lastKnownFileType = sourcecode.swift; path = SmartUI.swift; sourceTree = "<group>"; };
		DF7ED3C72C137DE700F58555 /* EmptyView.swift */ = {isa = PBXFileReference; lastKnownFileType = sourcecode.swift; path = EmptyView.swift; sourceTree = "<group>"; };
		DF7ED3CD2C13919B00F58555 /* SmartImages.swift */ = {isa = PBXFileReference; lastKnownFileType = sourcecode.swift; path = SmartImages.swift; sourceTree = "<group>"; };
		DF7ED3D02C1392BB00F58555 /* ImageProvideable.swift */ = {isa = PBXFileReference; lastKnownFileType = sourcecode.swift; path = ImageProvideable.swift; sourceTree = "<group>"; };
		DFAA1EAC2C16426E0087923F /* Date+Extensions.swift */ = {isa = PBXFileReference; lastKnownFileType = sourcecode.swift; path = "Date+Extensions.swift"; sourceTree = "<group>"; };
		DFC2C4422C167691007BF240 /* TasksListPresenterTests.swift */ = {isa = PBXFileReference; lastKnownFileType = sourcecode.swift; path = TasksListPresenterTests.swift; sourceTree = "<group>"; };
		DFC2C4452C167893007BF240 /* TasksListViewSpy.swift */ = {isa = PBXFileReference; lastKnownFileType = sourcecode.swift; path = TasksListViewSpy.swift; sourceTree = "<group>"; };
		DFC2C4472C1678CD007BF240 /* TasksListInteractorStub.swift */ = {isa = PBXFileReference; lastKnownFileType = sourcecode.swift; path = TasksListInteractorStub.swift; sourceTree = "<group>"; };
		DFC2C4492C173768007BF240 /* UIViewController+Extensions.swift */ = {isa = PBXFileReference; lastKnownFileType = sourcecode.swift; path = "UIViewController+Extensions.swift"; sourceTree = "<group>"; };
		DFC2C44C2C173A4E007BF240 /* Constants.swift */ = {isa = PBXFileReference; lastKnownFileType = sourcecode.swift; path = Constants.swift; sourceTree = "<group>"; };
/* End PBXFileReference section */

/* Begin PBXFrameworksBuildPhase section */
		DF6091C02C13C6680050C449 /* Frameworks */ = {
			isa = PBXFrameworksBuildPhase;
			buildActionMask = 2147483647;
			files = (
			);
			runOnlyForDeploymentPostprocessing = 0;
		};
		DF6091C72C13C6690050C449 /* Frameworks */ = {
			isa = PBXFrameworksBuildPhase;
			buildActionMask = 2147483647;
			files = (
				DF6091CB2C13C6690050C449 /* Networking.framework in Frameworks */,
			);
			runOnlyForDeploymentPostprocessing = 0;
		};
		DF7ED3602C12591000F58555 /* Frameworks */ = {
			isa = PBXFrameworksBuildPhase;
			buildActionMask = 2147483647;
			files = (
				DF6091D62C13C6690050C449 /* Networking.framework in Frameworks */,
			);
			runOnlyForDeploymentPostprocessing = 0;
		};
		DF7ED3762C12591100F58555 /* Frameworks */ = {
			isa = PBXFrameworksBuildPhase;
			buildActionMask = 2147483647;
			files = (
			);
			runOnlyForDeploymentPostprocessing = 0;
		};
/* End PBXFrameworksBuildPhase section */

/* Begin PBXGroup section */
		DF6091C42C13C6680050C449 /* Networking */ = {
			isa = PBXGroup;
			children = (
				DF6092042C13C8510050C449 /* BaseProtocols */,
				DF6091F12C13C8510050C449 /* Error */,
				DF6091FC2C13C8510050C449 /* HTTPClient */,
				DF6091FA2C13C8510050C449 /* HTTPMethod */,
				DF6091F32C13C8510050C449 /* JSONParser */,
				DF6091F52C13C8510050C449 /* Network */,
				DF6091FE2C13C8510050C449 /* URLRequest */,
				DF6091F82C13C8510050C449 /* URLResponse */,
				DF6091C52C13C6680050C449 /* Networking.h */,
			);
			path = Networking;
			sourceTree = "<group>";
		};
		DF6091D02C13C6690050C449 /* NetworkingTests */ = {
			isa = PBXGroup;
			children = (
				DF6091E92C13C7170050C449 /* URLRequestTests */,
				DF6091E72C13C7170050C449 /* URLResponseTests */,
				DF6091D12C13C6690050C449 /* NetworkingTests.swift */,
			);
			path = NetworkingTests;
			sourceTree = "<group>";
		};
		DF6091E72C13C7170050C449 /* URLResponseTests */ = {
			isa = PBXGroup;
			children = (
				DF6091E82C13C7170050C449 /* URLResponseStatusTests.swift */,
			);
			path = URLResponseTests;
			sourceTree = "<group>";
		};
		DF6091E92C13C7170050C449 /* URLRequestTests */ = {
			isa = PBXGroup;
			children = (
				DF6091EA2C13C7170050C449 /* URLRequestFactoryTests.swift */,
				DF6091EB2C13C7170050C449 /* URLRequestableMock.swift */,
				DF6091EC2C13C7170050C449 /* URLRequestEncodingDecisionMakerTests.swift */,
			);
			path = URLRequestTests;
			sourceTree = "<group>";
		};
		DF6091F12C13C8510050C449 /* Error */ = {
			isa = PBXGroup;
			children = (
				DF6091F22C13C8510050C449 /* NetworkError.swift */,
			);
			path = Error;
			sourceTree = "<group>";
		};
		DF6091F32C13C8510050C449 /* JSONParser */ = {
			isa = PBXGroup;
			children = (
				DF6091F42C13C8510050C449 /* JSONParser.swift */,
			);
			path = JSONParser;
			sourceTree = "<group>";
		};
		DF6091F52C13C8510050C449 /* Network */ = {
			isa = PBXGroup;
			children = (
				DF6091F62C13C8510050C449 /* Networking.swift */,
				DF6091F72C13C8510050C449 /* NetworkProviding.swift */,
			);
			path = Network;
			sourceTree = "<group>";
		};
		DF6091F82C13C8510050C449 /* URLResponse */ = {
			isa = PBXGroup;
			children = (
				DF6091F92C13C8510050C449 /* URLResponseStatus.swift */,
			);
			path = URLResponse;
			sourceTree = "<group>";
		};
		DF6091FA2C13C8510050C449 /* HTTPMethod */ = {
			isa = PBXGroup;
			children = (
				DF6091FB2C13C8510050C449 /* HTTPMethod.swift */,
			);
			path = HTTPMethod;
			sourceTree = "<group>";
		};
		DF6091FC2C13C8510050C449 /* HTTPClient */ = {
			isa = PBXGroup;
			children = (
				DF6091FD2C13C8510050C449 /* HTTPClient.swift */,
			);
			path = HTTPClient;
			sourceTree = "<group>";
		};
		DF6091FE2C13C8510050C449 /* URLRequest */ = {
			isa = PBXGroup;
			children = (
				DF6091FF2C13C8510050C449 /* URLRequestable.swift */,
				DF6092002C13C8510050C449 /* URLRequestEncodingDecisionMaker.swift */,
				DF6092012C13C8510050C449 /* URLRequestMaking.swift */,
				DF6092022C13C8510050C449 /* URLRequestEncoding.swift */,
				DF6092032C13C8510050C449 /* URLRequestFactory.swift */,
			);
			path = URLRequest;
			sourceTree = "<group>";
		};
		DF6092042C13C8510050C449 /* BaseProtocols */ = {
			isa = PBXGroup;
			children = (
				DF6092052C13C8510050C449 /* BaseURLHaving.swift */,
			);
			path = BaseProtocols;
			sourceTree = "<group>";
		};
		DF6092132C13CB670050C449 /* Service */ = {
			isa = PBXGroup;
			children = (
				DF6092182C13CBEA0050C449 /* Response */,
				DF6092172C13CBE20050C449 /* Endpoint */,
				DF6092162C13CBD90050C449 /* Request */,
				DF6092142C13CB7B0050C449 /* TasksService.swift */,
			);
			path = Service;
			sourceTree = "<group>";
		};
		DF6092162C13CBD90050C449 /* Request */ = {
			isa = PBXGroup;
			children = (
				DF60921B2C13CCA90050C449 /* TasksListRequest.swift */,
			);
			path = Request;
			sourceTree = "<group>";
		};
		DF6092172C13CBE20050C449 /* Endpoint */ = {
			isa = PBXGroup;
			children = (
				DF6092192C13CC1A0050C449 /* TasksListEndPoint.swift */,
			);
			path = Endpoint;
			sourceTree = "<group>";
		};
		DF6092182C13CBEA0050C449 /* Response */ = {
			isa = PBXGroup;
			children = (
				DF6092232C13CDFA0050C449 /* TasksListResponse.swift */,
			);
			path = Response;
			sourceTree = "<group>";
		};
		DF60921D2C13CCDE0050C449 /* Base */ = {
			isa = PBXGroup;
			children = (
				DF60923E2C150E1B0050C449 /* CollectionViewDataSource */,
				DF60921E2C13CCF50050C449 /* BaseRequest.swift */,
			);
			path = Base;
			sourceTree = "<group>";
		};
		DF6092202C13CD1B0050C449 /* AppConfiguration */ = {
			isa = PBXGroup;
			children = (
				DF6092212C13CD300050C449 /* AppConfiguration.swift */,
			);
			path = AppConfiguration;
			sourceTree = "<group>";
		};
		DF6092252C13CEBC0050C449 /* Common */ = {
			isa = PBXGroup;
			children = (
				DFC2C44B2C173A3E007BF240 /* Constants */,
				DF6092262C13CEC40050C449 /* AppError */,
			);
			path = Common;
			sourceTree = "<group>";
		};
		DF6092262C13CEC40050C449 /* AppError */ = {
			isa = PBXGroup;
			children = (
				DF6092272C13CED30050C449 /* AppError.swift */,
			);
			path = AppError;
			sourceTree = "<group>";
		};
		DF6092292C13D41C0050C449 /* Models */ = {
			isa = PBXGroup;
			children = (
				DF60922A2C13D4390050C449 /* Tasks.swift */,
			);
			path = Models;
			sourceTree = "<group>";
		};
		DF60922E2C14F7D10050C449 /* Cell */ = {
			isa = PBXGroup;
			children = (
				DF60922F2C14F80D0050C449 /* TaskCollecCollectionViewCell.swift */,
			);
			path = Cell;
			sourceTree = "<group>";
		};
		DF6092312C14F8990050C449 /* Reusable */ = {
			isa = PBXGroup;
			children = (
				DF6092322C14F8CC0050C449 /* ReusableView.swift */,
			);
			path = Reusable;
			sourceTree = "<group>";
		};
		DF6092382C1502A40050C449 /* VerticalLabelsView */ = {
			isa = PBXGroup;
			children = (
				DF6092392C1502BE0050C449 /* VerticalLabelsView.swift */,
			);
			path = VerticalLabelsView;
			sourceTree = "<group>";
		};
		DF60923B2C150D050050C449 /* TasksListDataSource */ = {
			isa = PBXGroup;
			children = (
				DF60923C2C150D250050C449 /* TasksListDataSource.swift */,
			);
			path = TasksListDataSource;
			sourceTree = "<group>";
		};
		DF60923E2C150E1B0050C449 /* CollectionViewDataSource */ = {
			isa = PBXGroup;
			children = (
				DF60923F2C150E450050C449 /* CollectionViewDataSource.swift */,
			);
			path = CollectionViewDataSource;
			sourceTree = "<group>";
		};
		DF7ED35A2C12590F00F58555 = {
			isa = PBXGroup;
			children = (
				DF7ED3652C12591000F58555 /* SmartTasks */,
				DF7ED37C2C12591100F58555 /* SmartTasksTests */,
				DF6091C42C13C6680050C449 /* Networking */,
				DF6091D02C13C6690050C449 /* NetworkingTests */,
				DF7ED3642C12591000F58555 /* Products */,
			);
			sourceTree = "<group>";
		};
		DF7ED3642C12591000F58555 /* Products */ = {
			isa = PBXGroup;
			children = (
				DF7ED3632C12591000F58555 /* SmartTasks.app */,
				DF7ED3792C12591100F58555 /* SmartTasksTests.xctest */,
				DF6091C32C13C6680050C449 /* Networking.framework */,
				DF6091CA2C13C6690050C449 /* NetworkingTests.xctest */,
			);
			name = Products;
			sourceTree = "<group>";
		};
		DF7ED3652C12591000F58555 /* SmartTasks */ = {
			isa = PBXGroup;
			children = (
				DF7ED3962C125A9800F58555 /* App */,
				DF7ED39D2C125DAB00F58555 /* Scenes */,
				DF6092252C13CEBC0050C449 /* Common */,
				DF60921D2C13CCDE0050C449 /* Base */,
				DF6092132C13CB670050C449 /* Service */,
				DF7ED3CB2C13917E00F58555 /* Sources */,
				DF7ED3A32C12614C00F58555 /* Core */,
				DF7ED3972C125AB600F58555 /* Resources */,
				DF7ED3712C12591100F58555 /* LaunchScreen.storyboard */,
				DF7ED3742C12591100F58555 /* Info.plist */,
			);
			path = SmartTasks;
			sourceTree = "<group>";
		};
		DF7ED37C2C12591100F58555 /* SmartTasksTests */ = {
			isa = PBXGroup;
			children = (
				DFC2C43F2C16764A007BF240 /* Scenes */,
				DF7ED37D2C12591100F58555 /* SmartTasksTests.swift */,
			);
			path = SmartTasksTests;
			sourceTree = "<group>";
		};
		DF7ED3962C125A9800F58555 /* App */ = {
			isa = PBXGroup;
			children = (
				DF6092202C13CD1B0050C449 /* AppConfiguration */,
				DF7ED3982C125C3300F58555 /* AppRouter */,
				DF7ED3662C12591000F58555 /* AppDelegate.swift */,
				DF7ED3682C12591000F58555 /* SceneDelegate.swift */,
			);
			path = App;
			sourceTree = "<group>";
		};
		DF7ED3972C125AB600F58555 /* Resources */ = {
			isa = PBXGroup;
			children = (
				DF7ED39E2C125FD500F58555 /* Fonts */,
				DF7ED36F2C12591100F58555 /* Assets.xcassets */,
				DF7ED3A92C126D6000F58555 /* Colors.xcassets */,
			);
			path = Resources;
			sourceTree = "<group>";
		};
		DF7ED3982C125C3300F58555 /* AppRouter */ = {
			isa = PBXGroup;
			children = (
				DF7ED3992C125C5800F58555 /* AppRouter.swift */,
			);
			path = AppRouter;
			sourceTree = "<group>";
		};
		DF7ED39D2C125DAB00F58555 /* Scenes */ = {
			isa = PBXGroup;
			children = (
				DF7ED3A82C126B2E00F58555 /* TasksList */,
			);
			path = Scenes;
			sourceTree = "<group>";
		};
		DF7ED39E2C125FD500F58555 /* Fonts */ = {
			isa = PBXGroup;
			children = (
				DF7ED3A02C12601A00F58555 /* AmsiPro-Bold.otf */,
				DF7ED39F2C12601A00F58555 /* AmsiPro-Regular.otf */,
			);
			path = Fonts;
			sourceTree = "<group>";
		};
		DF7ED3A32C12614C00F58555 /* Core */ = {
			isa = PBXGroup;
			children = (
				DF6092312C14F8990050C449 /* Reusable */,
				DF7ED3CF2C1392A000F58555 /* Protocols */,
				DF7ED3C32C1335AE00F58555 /* SmartUI */,
				DF7ED3C02C13201200F58555 /* SmartColors */,
				DF7ED3A72C126AF500F58555 /* Extensions */,
				DF7ED3A42C12615700F58555 /* CustomFonts */,
			);
			path = Core;
			sourceTree = "<group>";
		};
		DF7ED3A42C12615700F58555 /* CustomFonts */ = {
			isa = PBXGroup;
			children = (
				DF7ED3A52C12616700F58555 /* SmartFonts.swift */,
			);
			path = CustomFonts;
			sourceTree = "<group>";
		};
		DF7ED3A72C126AF500F58555 /* Extensions */ = {
			isa = PBXGroup;
			children = (
				DF60922C2C1473100050C449 /* String+Extensions.swift */,
				DF6092342C14FB880050C449 /* UIView+Extensions.swift */,
				DF6092362C1501120050C449 /* UIStackView+Extensions.swift */,
				DF6092412C1514490050C449 /* UICollectionViewCompositionalLayout+Extensions.swift */,
				DFAA1EAC2C16426E0087923F /* Date+Extensions.swift */,
				DFC2C4492C173768007BF240 /* UIViewController+Extensions.swift */,
			);
			path = Extensions;
			sourceTree = "<group>";
		};
		DF7ED3A82C126B2E00F58555 /* TasksList */ = {
			isa = PBXGroup;
			children = (
				DF60923B2C150D050050C449 /* TasksListDataSource */,
				DF6092292C13D41C0050C449 /* Models */,
				DF7ED3B52C12733C00F58555 /* Router */,
				DF7ED3B42C12733400F58555 /* Presenter */,
				DF7ED3B32C12732200F58555 /* Interactor */,
				DF7ED3B22C12731900F58555 /* View */,
				DF7ED3B02C12730100F58555 /* Builder */,
			);
			path = TasksList;
			sourceTree = "<group>";
		};
		DF7ED3B02C12730100F58555 /* Builder */ = {
			isa = PBXGroup;
			children = (
				DF7ED3BE2C1273F100F58555 /* TasksListBuilder.swift */,
			);
			path = Builder;
			sourceTree = "<group>";
		};
		DF7ED3B22C12731900F58555 /* View */ = {
			isa = PBXGroup;
			children = (
				DF6092382C1502A40050C449 /* VerticalLabelsView */,
				DF60922E2C14F7D10050C449 /* Cell */,
				DF7ED3C62C137D7A00F58555 /* EmptyView */,
				DF7ED3B62C12739100F58555 /* TasksListViewController.swift */,
			);
			path = View;
			sourceTree = "<group>";
		};
		DF7ED3B32C12732200F58555 /* Interactor */ = {
			isa = PBXGroup;
			children = (
				DF7ED3B82C1273B300F58555 /* TasksListInteractor.swift */,
			);
			path = Interactor;
			sourceTree = "<group>";
		};
		DF7ED3B42C12733400F58555 /* Presenter */ = {
			isa = PBXGroup;
			children = (
				DF7ED3BA2C1273CA00F58555 /* TasksListPresenter.swift */,
			);
			path = Presenter;
			sourceTree = "<group>";
		};
		DF7ED3B52C12733C00F58555 /* Router */ = {
			isa = PBXGroup;
			children = (
				DF7ED3BC2C1273DD00F58555 /* TasksListRouter.swift */,
			);
			path = Router;
			sourceTree = "<group>";
		};
		DF7ED3C02C13201200F58555 /* SmartColors */ = {
			isa = PBXGroup;
			children = (
				DF7ED3C12C13203100F58555 /* SmartColors.swift */,
			);
			path = SmartColors;
			sourceTree = "<group>";
		};
		DF7ED3C32C1335AE00F58555 /* SmartUI */ = {
			isa = PBXGroup;
			children = (
				DF7ED3C42C1335D100F58555 /* SmartUI.swift */,
			);
			path = SmartUI;
			sourceTree = "<group>";
		};
		DF7ED3C62C137D7A00F58555 /* EmptyView */ = {
			isa = PBXGroup;
			children = (
				DF7ED3C72C137DE700F58555 /* EmptyView.swift */,
			);
			path = EmptyView;
			sourceTree = "<group>";
		};
		DF7ED3CB2C13917E00F58555 /* Sources */ = {
			isa = PBXGroup;
			children = (
				DF7ED3CC2C13918800F58555 /* Images */,
			);
			path = Sources;
			sourceTree = "<group>";
		};
		DF7ED3CC2C13918800F58555 /* Images */ = {
			isa = PBXGroup;
			children = (
				DF7ED3CD2C13919B00F58555 /* SmartImages.swift */,
			);
			path = Images;
			sourceTree = "<group>";
		};
		DF7ED3CF2C1392A000F58555 /* Protocols */ = {
			isa = PBXGroup;
			children = (
				DF7ED3D02C1392BB00F58555 /* ImageProvideable.swift */,
			);
			path = Protocols;
			sourceTree = "<group>";
		};
		DFC2C43F2C16764A007BF240 /* Scenes */ = {
			isa = PBXGroup;
			children = (
				DFC2C4402C167657007BF240 /* TasksList */,
			);
			path = Scenes;
			sourceTree = "<group>";
		};
		DFC2C4402C167657007BF240 /* TasksList */ = {
			isa = PBXGroup;
			children = (
				DFC2C4442C1677FE007BF240 /* TestDoubles */,
				DFC2C4412C167664007BF240 /* Presenter */,
			);
			path = TasksList;
			sourceTree = "<group>";
		};
		DFC2C4412C167664007BF240 /* Presenter */ = {
			isa = PBXGroup;
			children = (
				DFC2C4422C167691007BF240 /* TasksListPresenterTests.swift */,
			);
			path = Presenter;
			sourceTree = "<group>";
		};
		DFC2C4442C1677FE007BF240 /* TestDoubles */ = {
			isa = PBXGroup;
			children = (
				DFC2C4452C167893007BF240 /* TasksListViewSpy.swift */,
				DFC2C4472C1678CD007BF240 /* TasksListInteractorStub.swift */,
			);
			path = TestDoubles;
			sourceTree = "<group>";
		};
		DFC2C44B2C173A3E007BF240 /* Constants */ = {
			isa = PBXGroup;
			children = (
				DFC2C44C2C173A4E007BF240 /* Constants.swift */,
			);
			name = Constants;
			sourceTree = "<group>";
		};
/* End PBXGroup section */

/* Begin PBXHeadersBuildPhase section */
		DF6091BE2C13C6680050C449 /* Headers */ = {
			isa = PBXHeadersBuildPhase;
			buildActionMask = 2147483647;
			files = (
				DF6091D32C13C6690050C449 /* Networking.h in Headers */,
			);
			runOnlyForDeploymentPostprocessing = 0;
		};
/* End PBXHeadersBuildPhase section */

/* Begin PBXNativeTarget section */
		DF6091C22C13C6680050C449 /* Networking */ = {
			isa = PBXNativeTarget;
			buildConfigurationList = DF6091D92C13C6690050C449 /* Build configuration list for PBXNativeTarget "Networking" */;
			buildPhases = (
				DF6091BE2C13C6680050C449 /* Headers */,
				DF6091BF2C13C6680050C449 /* Sources */,
				DF6091C02C13C6680050C449 /* Frameworks */,
				DF6091C12C13C6680050C449 /* Resources */,
			);
			buildRules = (
			);
			dependencies = (
			);
			name = Networking;
			productName = Networking;
			productReference = DF6091C32C13C6680050C449 /* Networking.framework */;
			productType = "com.apple.product-type.framework";
		};
		DF6091C92C13C6690050C449 /* NetworkingTests */ = {
			isa = PBXNativeTarget;
			buildConfigurationList = DF6091DC2C13C6690050C449 /* Build configuration list for PBXNativeTarget "NetworkingTests" */;
			buildPhases = (
				DF6091C62C13C6690050C449 /* Sources */,
				DF6091C72C13C6690050C449 /* Frameworks */,
				DF6091C82C13C6690050C449 /* Resources */,
			);
			buildRules = (
			);
			dependencies = (
				DF6091CD2C13C6690050C449 /* PBXTargetDependency */,
				DF6091CF2C13C6690050C449 /* PBXTargetDependency */,
			);
			name = NetworkingTests;
			productName = NetworkingTests;
			productReference = DF6091CA2C13C6690050C449 /* NetworkingTests.xctest */;
			productType = "com.apple.product-type.bundle.unit-test";
		};
		DF7ED3622C12591000F58555 /* SmartTasks */ = {
			isa = PBXNativeTarget;
			buildConfigurationList = DF7ED38D2C12591100F58555 /* Build configuration list for PBXNativeTarget "SmartTasks" */;
			buildPhases = (
				DF7ED35F2C12591000F58555 /* Sources */,
				DF7ED3602C12591000F58555 /* Frameworks */,
				DF7ED3612C12591000F58555 /* Resources */,
				DF6091D72C13C6690050C449 /* Embed Frameworks */,
			);
			buildRules = (
			);
			dependencies = (
				DF6091D52C13C6690050C449 /* PBXTargetDependency */,
			);
			name = SmartTasks;
			productName = SmartTasks;
			productReference = DF7ED3632C12591000F58555 /* SmartTasks.app */;
			productType = "com.apple.product-type.application";
		};
		DF7ED3782C12591100F58555 /* SmartTasksTests */ = {
			isa = PBXNativeTarget;
			buildConfigurationList = DF7ED3902C12591100F58555 /* Build configuration list for PBXNativeTarget "SmartTasksTests" */;
			buildPhases = (
				DF7ED3752C12591100F58555 /* Sources */,
				DF7ED3762C12591100F58555 /* Frameworks */,
				DF7ED3772C12591100F58555 /* Resources */,
			);
			buildRules = (
			);
			dependencies = (
				DF7ED37B2C12591100F58555 /* PBXTargetDependency */,
			);
			name = SmartTasksTests;
			productName = SmartTasksTests;
			productReference = DF7ED3792C12591100F58555 /* SmartTasksTests.xctest */;
			productType = "com.apple.product-type.bundle.unit-test";
		};
/* End PBXNativeTarget section */

/* Begin PBXProject section */
		DF7ED35B2C12590F00F58555 /* Project object */ = {
			isa = PBXProject;
			attributes = {
				BuildIndependentTargetsInParallel = 1;
				LastSwiftUpdateCheck = 1510;
				LastUpgradeCheck = 1510;
				TargetAttributes = {
					DF6091C22C13C6680050C449 = {
						CreatedOnToolsVersion = 15.1;
					};
					DF6091C92C13C6690050C449 = {
						CreatedOnToolsVersion = 15.1;
						TestTargetID = DF7ED3622C12591000F58555;
					};
					DF7ED3622C12591000F58555 = {
						CreatedOnToolsVersion = 15.1;
					};
					DF7ED3782C12591100F58555 = {
						CreatedOnToolsVersion = 15.1;
						TestTargetID = DF7ED3622C12591000F58555;
					};
				};
			};
			buildConfigurationList = DF7ED35E2C12590F00F58555 /* Build configuration list for PBXProject "SmartTasks" */;
			compatibilityVersion = "Xcode 14.0";
			developmentRegion = en;
			hasScannedForEncodings = 0;
			knownRegions = (
				en,
				Base,
			);
			mainGroup = DF7ED35A2C12590F00F58555;
			productRefGroup = DF7ED3642C12591000F58555 /* Products */;
			projectDirPath = "";
			projectRoot = "";
			targets = (
				DF7ED3622C12591000F58555 /* SmartTasks */,
				DF7ED3782C12591100F58555 /* SmartTasksTests */,
				DF6091C22C13C6680050C449 /* Networking */,
				DF6091C92C13C6690050C449 /* NetworkingTests */,
			);
		};
/* End PBXProject section */

/* Begin PBXResourcesBuildPhase section */
		DF6091C12C13C6680050C449 /* Resources */ = {
			isa = PBXResourcesBuildPhase;
			buildActionMask = 2147483647;
			files = (
			);
			runOnlyForDeploymentPostprocessing = 0;
		};
		DF6091C82C13C6690050C449 /* Resources */ = {
			isa = PBXResourcesBuildPhase;
			buildActionMask = 2147483647;
			files = (
			);
			runOnlyForDeploymentPostprocessing = 0;
		};
		DF7ED3612C12591000F58555 /* Resources */ = {
			isa = PBXResourcesBuildPhase;
			buildActionMask = 2147483647;
			files = (
				DF7ED3AA2C126D6000F58555 /* Colors.xcassets in Resources */,
				DF7ED3A22C12601A00F58555 /* AmsiPro-Bold.otf in Resources */,
				DF7ED3A12C12601A00F58555 /* AmsiPro-Regular.otf in Resources */,
				DF7ED3732C12591100F58555 /* LaunchScreen.storyboard in Resources */,
				DF7ED3702C12591100F58555 /* Assets.xcassets in Resources */,
			);
			runOnlyForDeploymentPostprocessing = 0;
		};
		DF7ED3772C12591100F58555 /* Resources */ = {
			isa = PBXResourcesBuildPhase;
			buildActionMask = 2147483647;
			files = (
			);
			runOnlyForDeploymentPostprocessing = 0;
		};
/* End PBXResourcesBuildPhase section */

/* Begin PBXSourcesBuildPhase section */
		DF6091BF2C13C6680050C449 /* Sources */ = {
			isa = PBXSourcesBuildPhase;
			buildActionMask = 2147483647;
			files = (
				DF6092082C13C8510050C449 /* Networking.swift in Sources */,
				DF60920E2C13C8510050C449 /* URLRequestEncodingDecisionMaker.swift in Sources */,
				DF6092102C13C8510050C449 /* URLRequestEncoding.swift in Sources */,
				DF6092122C13C8510050C449 /* BaseURLHaving.swift in Sources */,
				DF6092092C13C8510050C449 /* NetworkProviding.swift in Sources */,
				DF60920B2C13C8510050C449 /* HTTPMethod.swift in Sources */,
				DF60920C2C13C8510050C449 /* HTTPClient.swift in Sources */,
				DF6092072C13C8510050C449 /* JSONParser.swift in Sources */,
				DF6092062C13C8510050C449 /* NetworkError.swift in Sources */,
				DF60920A2C13C8510050C449 /* URLResponseStatus.swift in Sources */,
				DF60920F2C13C8510050C449 /* URLRequestMaking.swift in Sources */,
				DF6092112C13C8510050C449 /* URLRequestFactory.swift in Sources */,
				DF60920D2C13C8510050C449 /* URLRequestable.swift in Sources */,
			);
			runOnlyForDeploymentPostprocessing = 0;
		};
		DF6091C62C13C6690050C449 /* Sources */ = {
			isa = PBXSourcesBuildPhase;
			buildActionMask = 2147483647;
			files = (
				DF6091F02C13C7170050C449 /* URLRequestEncodingDecisionMakerTests.swift in Sources */,
				DF6091EE2C13C7170050C449 /* URLRequestFactoryTests.swift in Sources */,
				DF6091EF2C13C7170050C449 /* URLRequestableMock.swift in Sources */,
				DF6091ED2C13C7170050C449 /* URLResponseStatusTests.swift in Sources */,
				DF6091D22C13C6690050C449 /* NetworkingTests.swift in Sources */,
			);
			runOnlyForDeploymentPostprocessing = 0;
		};
		DF7ED35F2C12591000F58555 /* Sources */ = {
			isa = PBXSourcesBuildPhase;
			buildActionMask = 2147483647;
			files = (
				DF6092372C1501120050C449 /* UIStackView+Extensions.swift in Sources */,
				DFC2C44D2C173A4E007BF240 /* Constants.swift in Sources */,
				DF7ED3A62C12616700F58555 /* SmartFonts.swift in Sources */,
				DF7ED3C22C13203100F58555 /* SmartColors.swift in Sources */,
				DF7ED3D12C1392BB00F58555 /* ImageProvideable.swift in Sources */,
				DF6092242C13CDFA0050C449 /* TasksListResponse.swift in Sources */,
				DF7ED3672C12591000F58555 /* AppDelegate.swift in Sources */,
				DF6092152C13CB7B0050C449 /* TasksService.swift in Sources */,
				DF60922B2C13D4390050C449 /* Tasks.swift in Sources */,
				DF60921A2C13CC1A0050C449 /* TasksListEndPoint.swift in Sources */,
				DFAA1EAD2C16426E0087923F /* Date+Extensions.swift in Sources */,
				DF7ED3B72C12739100F58555 /* TasksListViewController.swift in Sources */,
				DF7ED3C82C137DE700F58555 /* EmptyView.swift in Sources */,
				DF60921F2C13CCF50050C449 /* BaseRequest.swift in Sources */,
				DF6092332C14F8CC0050C449 /* ReusableView.swift in Sources */,
				DF7ED3BD2C1273DD00F58555 /* TasksListRouter.swift in Sources */,
				DF7ED3CE2C13919B00F58555 /* SmartImages.swift in Sources */,
				DF60923A2C1502BE0050C449 /* VerticalLabelsView.swift in Sources */,
				DF6092302C14F80D0050C449 /* TaskCollecCollectionViewCell.swift in Sources */,
				DF7ED3BB2C1273CA00F58555 /* TasksListPresenter.swift in Sources */,
				DF7ED3692C12591000F58555 /* SceneDelegate.swift in Sources */,
				DF7ED39A2C125C5800F58555 /* AppRouter.swift in Sources */,
				DF6092352C14FB880050C449 /* UIView+Extensions.swift in Sources */,
				DF7ED3C52C1335D100F58555 /* SmartUI.swift in Sources */,
				DF6092422C1514490050C449 /* UICollectionViewCompositionalLayout+Extensions.swift in Sources */,
				DF6092222C13CD300050C449 /* AppConfiguration.swift in Sources */,
				DF60923D2C150D250050C449 /* TasksListDataSource.swift in Sources */,
				DF7ED3BF2C1273F100F58555 /* TasksListBuilder.swift in Sources */,
				DF6092402C150E450050C449 /* CollectionViewDataSource.swift in Sources */,
				DFC2C44A2C173768007BF240 /* UIViewController+Extensions.swift in Sources */,
				DF60922D2C1473100050C449 /* String+Extensions.swift in Sources */,
				DF60921C2C13CCA90050C449 /* TasksListRequest.swift in Sources */,
				DF7ED3B92C1273B300F58555 /* TasksListInteractor.swift in Sources */,
				DF6092282C13CED30050C449 /* AppError.swift in Sources */,
			);
			runOnlyForDeploymentPostprocessing = 0;
		};
		DF7ED3752C12591100F58555 /* Sources */ = {
			isa = PBXSourcesBuildPhase;
			buildActionMask = 2147483647;
			files = (
				DFC2C4462C167893007BF240 /* TasksListViewSpy.swift in Sources */,
				DF7ED37E2C12591100F58555 /* SmartTasksTests.swift in Sources */,
				DFC2C4432C167691007BF240 /* TasksListPresenterTests.swift in Sources */,
				DFC2C4482C1678CD007BF240 /* TasksListInteractorStub.swift in Sources */,
			);
			runOnlyForDeploymentPostprocessing = 0;
		};
/* End PBXSourcesBuildPhase section */

/* Begin PBXTargetDependency section */
		DF6091CD2C13C6690050C449 /* PBXTargetDependency */ = {
			isa = PBXTargetDependency;
			target = DF6091C22C13C6680050C449 /* Networking */;
			targetProxy = DF6091CC2C13C6690050C449 /* PBXContainerItemProxy */;
		};
		DF6091CF2C13C6690050C449 /* PBXTargetDependency */ = {
			isa = PBXTargetDependency;
			target = DF7ED3622C12591000F58555 /* SmartTasks */;
			targetProxy = DF6091CE2C13C6690050C449 /* PBXContainerItemProxy */;
		};
		DF6091D52C13C6690050C449 /* PBXTargetDependency */ = {
			isa = PBXTargetDependency;
			target = DF6091C22C13C6680050C449 /* Networking */;
			targetProxy = DF6091D42C13C6690050C449 /* PBXContainerItemProxy */;
		};
		DF7ED37B2C12591100F58555 /* PBXTargetDependency */ = {
			isa = PBXTargetDependency;
			target = DF7ED3622C12591000F58555 /* SmartTasks */;
			targetProxy = DF7ED37A2C12591100F58555 /* PBXContainerItemProxy */;
		};
/* End PBXTargetDependency section */

/* Begin PBXVariantGroup section */
		DF7ED3712C12591100F58555 /* LaunchScreen.storyboard */ = {
			isa = PBXVariantGroup;
			children = (
				DF7ED3722C12591100F58555 /* Base */,
			);
			name = LaunchScreen.storyboard;
			sourceTree = "<group>";
		};
/* End PBXVariantGroup section */

/* Begin XCBuildConfiguration section */
		DF6091DA2C13C6690050C449 /* Debug */ = {
			isa = XCBuildConfiguration;
			buildSettings = {
				CODE_SIGN_STYLE = Automatic;
				CURRENT_PROJECT_VERSION = 1;
				DEFINES_MODULE = YES;
				DEVELOPMENT_TEAM = 3H3S8BH6MC;
				DYLIB_COMPATIBILITY_VERSION = 1;
				DYLIB_CURRENT_VERSION = 1;
				DYLIB_INSTALL_NAME_BASE = "@rpath";
				ENABLE_MODULE_VERIFIER = YES;
				GENERATE_INFOPLIST_FILE = YES;
				INFOPLIST_KEY_NSHumanReadableCopyright = "";
				INSTALL_PATH = "$(LOCAL_LIBRARY_DIR)/Frameworks";
				IPHONEOS_DEPLOYMENT_TARGET = 16.4;
				LD_RUNPATH_SEARCH_PATHS = (
					"$(inherited)",
					"@executable_path/Frameworks",
					"@loader_path/Frameworks",
				);
				MARKETING_VERSION = 1.0;
				MODULE_VERIFIER_SUPPORTED_LANGUAGES = "objective-c objective-c++";
				MODULE_VERIFIER_SUPPORTED_LANGUAGE_STANDARDS = "gnu17 gnu++20";
				PRODUCT_BUNDLE_IDENTIFIER = com.janbaz.Networking;
				PRODUCT_NAME = "$(TARGET_NAME:c99extidentifier)";
				SKIP_INSTALL = YES;
				SWIFT_EMIT_LOC_STRINGS = YES;
				SWIFT_VERSION = 5.0;
				TARGETED_DEVICE_FAMILY = "1,2";
				VERSIONING_SYSTEM = "apple-generic";
				VERSION_INFO_PREFIX = "";
			};
			name = Debug;
		};
		DF6091DB2C13C6690050C449 /* Release */ = {
			isa = XCBuildConfiguration;
			buildSettings = {
				CODE_SIGN_STYLE = Automatic;
				CURRENT_PROJECT_VERSION = 1;
				DEFINES_MODULE = YES;
				DEVELOPMENT_TEAM = 3H3S8BH6MC;
				DYLIB_COMPATIBILITY_VERSION = 1;
				DYLIB_CURRENT_VERSION = 1;
				DYLIB_INSTALL_NAME_BASE = "@rpath";
				ENABLE_MODULE_VERIFIER = YES;
				GENERATE_INFOPLIST_FILE = YES;
				INFOPLIST_KEY_NSHumanReadableCopyright = "";
				INSTALL_PATH = "$(LOCAL_LIBRARY_DIR)/Frameworks";
				IPHONEOS_DEPLOYMENT_TARGET = 16.4;
				LD_RUNPATH_SEARCH_PATHS = (
					"$(inherited)",
					"@executable_path/Frameworks",
					"@loader_path/Frameworks",
				);
				MARKETING_VERSION = 1.0;
				MODULE_VERIFIER_SUPPORTED_LANGUAGES = "objective-c objective-c++";
				MODULE_VERIFIER_SUPPORTED_LANGUAGE_STANDARDS = "gnu17 gnu++20";
				PRODUCT_BUNDLE_IDENTIFIER = com.janbaz.Networking;
				PRODUCT_NAME = "$(TARGET_NAME:c99extidentifier)";
				SKIP_INSTALL = YES;
				SWIFT_EMIT_LOC_STRINGS = YES;
				SWIFT_VERSION = 5.0;
				TARGETED_DEVICE_FAMILY = "1,2";
				VERSIONING_SYSTEM = "apple-generic";
				VERSION_INFO_PREFIX = "";
			};
			name = Release;
		};
		DF6091DD2C13C6690050C449 /* Debug */ = {
			isa = XCBuildConfiguration;
			buildSettings = {
				ALWAYS_EMBED_SWIFT_STANDARD_LIBRARIES = YES;
				CODE_SIGN_STYLE = Automatic;
				CURRENT_PROJECT_VERSION = 1;
				GENERATE_INFOPLIST_FILE = YES;
				MARKETING_VERSION = 1.0;
				PRODUCT_BUNDLE_IDENTIFIER = com.janbaz.NetworkingTests;
				PRODUCT_NAME = "$(TARGET_NAME)";
				SWIFT_EMIT_LOC_STRINGS = NO;
				SWIFT_VERSION = 5.0;
				TARGETED_DEVICE_FAMILY = "1,2";
				TEST_HOST = "$(BUILT_PRODUCTS_DIR)/SmartTasks.app/$(BUNDLE_EXECUTABLE_FOLDER_PATH)/SmartTasks";
			};
			name = Debug;
		};
		DF6091DE2C13C6690050C449 /* Release */ = {
			isa = XCBuildConfiguration;
			buildSettings = {
				ALWAYS_EMBED_SWIFT_STANDARD_LIBRARIES = YES;
				CODE_SIGN_STYLE = Automatic;
				CURRENT_PROJECT_VERSION = 1;
				GENERATE_INFOPLIST_FILE = YES;
				MARKETING_VERSION = 1.0;
				PRODUCT_BUNDLE_IDENTIFIER = com.janbaz.NetworkingTests;
				PRODUCT_NAME = "$(TARGET_NAME)";
				SWIFT_EMIT_LOC_STRINGS = NO;
				SWIFT_VERSION = 5.0;
				TARGETED_DEVICE_FAMILY = "1,2";
				TEST_HOST = "$(BUILT_PRODUCTS_DIR)/SmartTasks.app/$(BUNDLE_EXECUTABLE_FOLDER_PATH)/SmartTasks";
			};
			name = Release;
		};
		DF7ED38B2C12591100F58555 /* Debug */ = {
			isa = XCBuildConfiguration;
			buildSettings = {
				ALWAYS_SEARCH_USER_PATHS = NO;
				ASSETCATALOG_COMPILER_GENERATE_SWIFT_ASSET_SYMBOL_EXTENSIONS = YES;
				CLANG_ANALYZER_NONNULL = YES;
				CLANG_ANALYZER_NUMBER_OBJECT_CONVERSION = YES_AGGRESSIVE;
				CLANG_CXX_LANGUAGE_STANDARD = "gnu++20";
				CLANG_ENABLE_MODULES = YES;
				CLANG_ENABLE_OBJC_ARC = YES;
				CLANG_ENABLE_OBJC_WEAK = YES;
				CLANG_WARN_BLOCK_CAPTURE_AUTORELEASING = YES;
				CLANG_WARN_BOOL_CONVERSION = YES;
				CLANG_WARN_COMMA = YES;
				CLANG_WARN_CONSTANT_CONVERSION = YES;
				CLANG_WARN_DEPRECATED_OBJC_IMPLEMENTATIONS = YES;
				CLANG_WARN_DIRECT_OBJC_ISA_USAGE = YES_ERROR;
				CLANG_WARN_DOCUMENTATION_COMMENTS = YES;
				CLANG_WARN_EMPTY_BODY = YES;
				CLANG_WARN_ENUM_CONVERSION = YES;
				CLANG_WARN_INFINITE_RECURSION = YES;
				CLANG_WARN_INT_CONVERSION = YES;
				CLANG_WARN_NON_LITERAL_NULL_CONVERSION = YES;
				CLANG_WARN_OBJC_IMPLICIT_RETAIN_SELF = YES;
				CLANG_WARN_OBJC_LITERAL_CONVERSION = YES;
				CLANG_WARN_OBJC_ROOT_CLASS = YES_ERROR;
				CLANG_WARN_QUOTED_INCLUDE_IN_FRAMEWORK_HEADER = YES;
				CLANG_WARN_RANGE_LOOP_ANALYSIS = YES;
				CLANG_WARN_STRICT_PROTOTYPES = YES;
				CLANG_WARN_SUSPICIOUS_MOVE = YES;
				CLANG_WARN_UNGUARDED_AVAILABILITY = YES_AGGRESSIVE;
				CLANG_WARN_UNREACHABLE_CODE = YES;
				CLANG_WARN__DUPLICATE_METHOD_MATCH = YES;
				COPY_PHASE_STRIP = NO;
				DEBUG_INFORMATION_FORMAT = dwarf;
				ENABLE_STRICT_OBJC_MSGSEND = YES;
				ENABLE_TESTABILITY = YES;
				ENABLE_USER_SCRIPT_SANDBOXING = YES;
				GCC_C_LANGUAGE_STANDARD = gnu17;
				GCC_DYNAMIC_NO_PIC = NO;
				GCC_NO_COMMON_BLOCKS = YES;
				GCC_OPTIMIZATION_LEVEL = 0;
				GCC_PREPROCESSOR_DEFINITIONS = (
					"DEBUG=1",
					"$(inherited)",
				);
				GCC_WARN_64_TO_32_BIT_CONVERSION = YES;
				GCC_WARN_ABOUT_RETURN_TYPE = YES_ERROR;
				GCC_WARN_UNDECLARED_SELECTOR = YES;
				GCC_WARN_UNINITIALIZED_AUTOS = YES_AGGRESSIVE;
				GCC_WARN_UNUSED_FUNCTION = YES;
				GCC_WARN_UNUSED_VARIABLE = YES;
				IPHONEOS_DEPLOYMENT_TARGET = 17.2;
				LOCALIZATION_PREFERS_STRING_CATALOGS = YES;
				MTL_ENABLE_DEBUG_INFO = INCLUDE_SOURCE;
				MTL_FAST_MATH = YES;
				ONLY_ACTIVE_ARCH = YES;
				SDKROOT = iphoneos;
				SWIFT_ACTIVE_COMPILATION_CONDITIONS = "DEBUG $(inherited)";
				SWIFT_OPTIMIZATION_LEVEL = "-Onone";
			};
			name = Debug;
		};
		DF7ED38C2C12591100F58555 /* Release */ = {
			isa = XCBuildConfiguration;
			buildSettings = {
				ALWAYS_SEARCH_USER_PATHS = NO;
				ASSETCATALOG_COMPILER_GENERATE_SWIFT_ASSET_SYMBOL_EXTENSIONS = YES;
				CLANG_ANALYZER_NONNULL = YES;
				CLANG_ANALYZER_NUMBER_OBJECT_CONVERSION = YES_AGGRESSIVE;
				CLANG_CXX_LANGUAGE_STANDARD = "gnu++20";
				CLANG_ENABLE_MODULES = YES;
				CLANG_ENABLE_OBJC_ARC = YES;
				CLANG_ENABLE_OBJC_WEAK = YES;
				CLANG_WARN_BLOCK_CAPTURE_AUTORELEASING = YES;
				CLANG_WARN_BOOL_CONVERSION = YES;
				CLANG_WARN_COMMA = YES;
				CLANG_WARN_CONSTANT_CONVERSION = YES;
				CLANG_WARN_DEPRECATED_OBJC_IMPLEMENTATIONS = YES;
				CLANG_WARN_DIRECT_OBJC_ISA_USAGE = YES_ERROR;
				CLANG_WARN_DOCUMENTATION_COMMENTS = YES;
				CLANG_WARN_EMPTY_BODY = YES;
				CLANG_WARN_ENUM_CONVERSION = YES;
				CLANG_WARN_INFINITE_RECURSION = YES;
				CLANG_WARN_INT_CONVERSION = YES;
				CLANG_WARN_NON_LITERAL_NULL_CONVERSION = YES;
				CLANG_WARN_OBJC_IMPLICIT_RETAIN_SELF = YES;
				CLANG_WARN_OBJC_LITERAL_CONVERSION = YES;
				CLANG_WARN_OBJC_ROOT_CLASS = YES_ERROR;
				CLANG_WARN_QUOTED_INCLUDE_IN_FRAMEWORK_HEADER = YES;
				CLANG_WARN_RANGE_LOOP_ANALYSIS = YES;
				CLANG_WARN_STRICT_PROTOTYPES = YES;
				CLANG_WARN_SUSPICIOUS_MOVE = YES;
				CLANG_WARN_UNGUARDED_AVAILABILITY = YES_AGGRESSIVE;
				CLANG_WARN_UNREACHABLE_CODE = YES;
				CLANG_WARN__DUPLICATE_METHOD_MATCH = YES;
				COPY_PHASE_STRIP = NO;
				DEBUG_INFORMATION_FORMAT = "dwarf-with-dsym";
				ENABLE_NS_ASSERTIONS = NO;
				ENABLE_STRICT_OBJC_MSGSEND = YES;
				ENABLE_USER_SCRIPT_SANDBOXING = YES;
				GCC_C_LANGUAGE_STANDARD = gnu17;
				GCC_NO_COMMON_BLOCKS = YES;
				GCC_WARN_64_TO_32_BIT_CONVERSION = YES;
				GCC_WARN_ABOUT_RETURN_TYPE = YES_ERROR;
				GCC_WARN_UNDECLARED_SELECTOR = YES;
				GCC_WARN_UNINITIALIZED_AUTOS = YES_AGGRESSIVE;
				GCC_WARN_UNUSED_FUNCTION = YES;
				GCC_WARN_UNUSED_VARIABLE = YES;
				IPHONEOS_DEPLOYMENT_TARGET = 17.2;
				LOCALIZATION_PREFERS_STRING_CATALOGS = YES;
				MTL_ENABLE_DEBUG_INFO = NO;
				MTL_FAST_MATH = YES;
				SDKROOT = iphoneos;
				SWIFT_COMPILATION_MODE = wholemodule;
				VALIDATE_PRODUCT = YES;
			};
			name = Release;
		};
		DF7ED38E2C12591100F58555 /* Debug */ = {
			isa = XCBuildConfiguration;
			buildSettings = {
				ALWAYS_EMBED_SWIFT_STANDARD_LIBRARIES = YES;
				ASSETCATALOG_COMPILER_APPICON_NAME = AppIcon;
				ASSETCATALOG_COMPILER_GLOBAL_ACCENT_COLOR_NAME = AccentColor;
				CODE_SIGN_STYLE = Automatic;
				CURRENT_PROJECT_VERSION = 1;
				DEVELOPMENT_TEAM = 3H3S8BH6MC;
				GENERATE_INFOPLIST_FILE = YES;
				INFOPLIST_FILE = SmartTasks/Info.plist;
				INFOPLIST_KEY_UIApplicationSupportsIndirectInputEvents = YES;
				INFOPLIST_KEY_UILaunchStoryboardName = LaunchScreen;
				INFOPLIST_KEY_UISupportedInterfaceOrientations_iPhone = UIInterfaceOrientationPortrait;
				IPHONEOS_DEPLOYMENT_TARGET = 17.0;
				LD_RUNPATH_SEARCH_PATHS = (
					"$(inherited)",
					"@executable_path/Frameworks",
				);
				MARKETING_VERSION = 1.0;
				PRODUCT_BUNDLE_IDENTIFIER = com.janbaz.SmartTasks;
				PRODUCT_NAME = "$(TARGET_NAME)";
				SWIFT_EMIT_LOC_STRINGS = YES;
				SWIFT_VERSION = 5.0;
				TARGETED_DEVICE_FAMILY = "1,2";
			};
			name = Debug;
		};
		DF7ED38F2C12591100F58555 /* Release */ = {
			isa = XCBuildConfiguration;
			buildSettings = {
				ALWAYS_EMBED_SWIFT_STANDARD_LIBRARIES = YES;
				ASSETCATALOG_COMPILER_APPICON_NAME = AppIcon;
				ASSETCATALOG_COMPILER_GLOBAL_ACCENT_COLOR_NAME = AccentColor;
				CODE_SIGN_STYLE = Automatic;
				CURRENT_PROJECT_VERSION = 1;
				DEVELOPMENT_TEAM = 3H3S8BH6MC;
				GENERATE_INFOPLIST_FILE = YES;
				INFOPLIST_FILE = SmartTasks/Info.plist;
				INFOPLIST_KEY_UIApplicationSupportsIndirectInputEvents = YES;
				INFOPLIST_KEY_UILaunchStoryboardName = LaunchScreen;
				INFOPLIST_KEY_UISupportedInterfaceOrientations_iPhone = UIInterfaceOrientationPortrait;
				IPHONEOS_DEPLOYMENT_TARGET = 17.0;
				LD_RUNPATH_SEARCH_PATHS = (
					"$(inherited)",
					"@executable_path/Frameworks",
				);
				MARKETING_VERSION = 1.0;
				PRODUCT_BUNDLE_IDENTIFIER = com.janbaz.SmartTasks;
				PRODUCT_NAME = "$(TARGET_NAME)";
				SWIFT_EMIT_LOC_STRINGS = YES;
				SWIFT_VERSION = 5.0;
				TARGETED_DEVICE_FAMILY = "1,2";
			};
			name = Release;
		};
		DF7ED3912C12591100F58555 /* Debug */ = {
			isa = XCBuildConfiguration;
			buildSettings = {
				ALWAYS_EMBED_SWIFT_STANDARD_LIBRARIES = YES;
				BUNDLE_LOADER = "$(TEST_HOST)";
				CODE_SIGN_STYLE = Automatic;
				CURRENT_PROJECT_VERSION = 1;
				GENERATE_INFOPLIST_FILE = YES;
				IPHONEOS_DEPLOYMENT_TARGET = 17.2;
				MARKETING_VERSION = 1.0;
				PRODUCT_BUNDLE_IDENTIFIER = com.janbaz.SmartTasksTests;
				PRODUCT_NAME = "$(TARGET_NAME)";
				SWIFT_EMIT_LOC_STRINGS = NO;
				SWIFT_VERSION = 5.0;
				TARGETED_DEVICE_FAMILY = "1,2";
				TEST_HOST = "$(BUILT_PRODUCTS_DIR)/SmartTasks.app/$(BUNDLE_EXECUTABLE_FOLDER_PATH)/SmartTasks";
			};
			name = Debug;
		};
		DF7ED3922C12591100F58555 /* Release */ = {
			isa = XCBuildConfiguration;
			buildSettings = {
				ALWAYS_EMBED_SWIFT_STANDARD_LIBRARIES = YES;
				BUNDLE_LOADER = "$(TEST_HOST)";
				CODE_SIGN_STYLE = Automatic;
				CURRENT_PROJECT_VERSION = 1;
				GENERATE_INFOPLIST_FILE = YES;
				IPHONEOS_DEPLOYMENT_TARGET = 17.2;
				MARKETING_VERSION = 1.0;
				PRODUCT_BUNDLE_IDENTIFIER = com.janbaz.SmartTasksTests;
				PRODUCT_NAME = "$(TARGET_NAME)";
				SWIFT_EMIT_LOC_STRINGS = NO;
				SWIFT_VERSION = 5.0;
				TARGETED_DEVICE_FAMILY = "1,2";
				TEST_HOST = "$(BUILT_PRODUCTS_DIR)/SmartTasks.app/$(BUNDLE_EXECUTABLE_FOLDER_PATH)/SmartTasks";
			};
			name = Release;
		};
/* End XCBuildConfiguration section */

/* Begin XCConfigurationList section */
		DF6091D92C13C6690050C449 /* Build configuration list for PBXNativeTarget "Networking" */ = {
			isa = XCConfigurationList;
			buildConfigurations = (
				DF6091DA2C13C6690050C449 /* Debug */,
				DF6091DB2C13C6690050C449 /* Release */,
			);
			defaultConfigurationIsVisible = 0;
			defaultConfigurationName = Release;
		};
		DF6091DC2C13C6690050C449 /* Build configuration list for PBXNativeTarget "NetworkingTests" */ = {
			isa = XCConfigurationList;
			buildConfigurations = (
				DF6091DD2C13C6690050C449 /* Debug */,
				DF6091DE2C13C6690050C449 /* Release */,
			);
			defaultConfigurationIsVisible = 0;
			defaultConfigurationName = Release;
		};
		DF7ED35E2C12590F00F58555 /* Build configuration list for PBXProject "SmartTasks" */ = {
			isa = XCConfigurationList;
			buildConfigurations = (
				DF7ED38B2C12591100F58555 /* Debug */,
				DF7ED38C2C12591100F58555 /* Release */,
			);
			defaultConfigurationIsVisible = 0;
			defaultConfigurationName = Release;
		};
		DF7ED38D2C12591100F58555 /* Build configuration list for PBXNativeTarget "SmartTasks" */ = {
			isa = XCConfigurationList;
			buildConfigurations = (
				DF7ED38E2C12591100F58555 /* Debug */,
				DF7ED38F2C12591100F58555 /* Release */,
			);
			defaultConfigurationIsVisible = 0;
			defaultConfigurationName = Release;
		};
		DF7ED3902C12591100F58555 /* Build configuration list for PBXNativeTarget "SmartTasksTests" */ = {
			isa = XCConfigurationList;
			buildConfigurations = (
				DF7ED3912C12591100F58555 /* Debug */,
				DF7ED3922C12591100F58555 /* Release */,
			);
			defaultConfigurationIsVisible = 0;
			defaultConfigurationName = Release;
		};
/* End XCConfigurationList section */
	};
	rootObject = DF7ED35B2C12590F00F58555 /* Project object */;
}
